# This file is autogenerated, do not edit; changes may be undone by the next 'dep ensure'.


[[projects]]
  branch = "master"
  digest = "1:22a800dff0d8932b39749e2196a33d27d82d2ae495db3960db55b23e68fb1efa"
  name = "dmitri.shuralyov.com/text/kebabcase"
  packages = ["."]
  pruneopts = ""
  revision = "40e40b42552a9cb37d6e98f4ad31f63ae53ea43a"

[[projects]]
  branch = "master"
  digest = "1:1497e076791fd52385aeec859160ce247918f6e74fa660d597bc2bc8830b200b"
  name = "github.com/0xAX/notificator"
  packages = ["."]
  pruneopts = ""
  revision = "d81462e38c2145023f9ecf5414fc84d45d5bfe82"

[[projects]]
  digest = "1:e4b30804a381d7603b8a344009987c1ba351c26043501b23b8c7ce21f0b67474"
  name = "github.com/BurntSushi/toml"
  packages = ["."]
  pruneopts = ""
  revision = "3012a1dbe2e4bd1391d42b32f0577cb7bbc7f005"
  version = "v0.3.1"

[[projects]]
  digest = "1:8e47871087b94913898333f37af26732faaab30cdb41571136cf7aec9921dae7"
  name = "github.com/PuerkitoBio/purell"
  packages = ["."]
  pruneopts = ""
  revision = "0bcb03f4b4d0a9428594752bd2a3b9aa0a9d4bd4"
  version = "v1.1.0"

[[projects]]
  branch = "master"
  digest = "1:331a419049c2be691e5ba1d24342fc77c7e767a80c666a18fd8a9f7b82419c1c"
  name = "github.com/PuerkitoBio/urlesc"
  packages = ["."]
  pruneopts = ""
  revision = "de5bf2ad457846296e2031421a34e2568e304e35"

[[projects]]
  digest = "1:d8a2bb36a048d1571bcc1aee208b61f39dc16c6c53823feffd37449dde162507"
  name = "github.com/asaskevich/govalidator"
  packages = ["."]
  pruneopts = ""
  revision = "ccb8e960c48f04d6935e72476ae4a51028f9e22f"
  version = "v9"

[[projects]]
  digest = "1:28d643e5dedba6b2c4d8b954fb60d4004cf1a097baa01d3645f7b958fc706fd3"
  name = "github.com/aws/aws-sdk-go"
  packages = [
    "aws",
    "aws/awserr",
    "aws/awsutil",
    "aws/client",
    "aws/client/metadata",
    "aws/corehandlers",
    "aws/credentials",
    "aws/credentials/ec2rolecreds",
    "aws/credentials/endpointcreds",
    "aws/credentials/processcreds",
    "aws/credentials/stscreds",
    "aws/csm",
    "aws/defaults",
    "aws/ec2metadata",
    "aws/endpoints",
    "aws/request",
    "aws/session",
    "aws/signer/v4",
    "internal/ini",
    "internal/s3err",
    "internal/sdkio",
    "internal/sdkrand",
    "internal/sdkuri",
    "internal/shareddefaults",
    "private/protocol",
    "private/protocol/eventstream",
    "private/protocol/eventstream/eventstreamapi",
    "private/protocol/json/jsonutil",
    "private/protocol/jsonrpc",
    "private/protocol/query",
    "private/protocol/query/queryutil",
    "private/protocol/rest",
    "private/protocol/restxml",
    "private/protocol/xml/xmlutil",
    "service/s3",
    "service/s3/s3iface",
    "service/s3/s3manager",
    "service/ses",
    "service/ses/sesiface",
    "service/ssm",
    "service/ssm/ssmiface",
    "service/sts",
  ]
  pruneopts = ""
  revision = "81f3829f5a9d041041bdf56e55926691309d7699"
  version = "v1.16.26"

[[projects]]
  digest = "1:79421244ba5848aae4b0a5c41e633a04e4894cb0b164a219dc8c15ec7facb7f1"
  name = "github.com/blang/semver"
  packages = ["."]
  pruneopts = ""
  revision = "2ee87856327ba09384cabd113bc6b5d174e9ec0f"
  version = "v3.5.1"

[[projects]]
  branch = "master"
  digest = "1:d9fc0dced8956d589873908097c804f249de54a177546444b602fa67e41d3f59"
  name = "github.com/cockroachdb/cockroach-go"
  packages = ["crdb"]
  pruneopts = ""
  revision = "e0a95dfd547cc9c3ebaaba1a12c2afe4bf621ac5"

[[projects]]
  branch = "master"
  digest = "1:4e235891dc46da33fc48f0f09d6015b9a4ae9eca203e50bee88163adcbb1c32b"
  name = "github.com/codegangsta/envy"
  packages = ["lib"]
  pruneopts = ""
  revision = "4b78388c8ce4fa412440ca4eaa654e2fdd752e49"

[[projects]]
  branch = "master"
  digest = "1:dddcd8fd78959ba441c013560458aecafeda12a90533ef8a5a553c5a2f5edbf5"
  name = "github.com/codegangsta/gin"
  packages = [
    ".",
    "lib",
  ]
  pruneopts = ""
  revision = "cafe2ce98974a3dcca6b92ce393a91a0b58b8133"

[[projects]]
  digest = "1:0deddd908b6b4b768cfc272c16ee61e7088a60f7fe2f06c547bd3d8e1f8b8e77"
  name = "github.com/davecgh/go-spew"
  packages = ["spew"]
  pruneopts = ""
  revision = "8991bc29aa16c548c550c7ff78260e27b9ab7c73"
  version = "v1.1.1"

[[projects]]
  digest = "1:6098222470fe0172157ce9bbef5d2200df4edde17ee649c5d6e48330e4afa4c6"
  name = "github.com/dgrijalva/jwt-go"
  packages = ["."]
  pruneopts = ""
  revision = "06ea1031745cb8b3dab3f6a236daf2b0aa468b7e"
  version = "v3.2.0"

[[projects]]
  digest = "1:582d54fcb7233da8dde1dfd2210a5b9675d0685f84246a8d317b07d680c18b1b"
  name = "github.com/docker/go-units"
  packages = ["."]
  pruneopts = ""
  revision = "47565b4f722fb6ceae66b95f853feed578a4a51c"
  version = "v0.3.3"

[[projects]]
  digest = "1:f1a75a8e00244e5ea77ff274baa9559eb877437b240ee7b278f3fc560d9f08bf"
  name = "github.com/dustin/go-humanize"
  packages = ["."]
  pruneopts = ""
  revision = "9f541cc9db5d55bce703bd99987c9d5cb8eea45e"
  version = "v1.0.0"

[[projects]]
  branch = "master"
  digest = "1:88b37f144a80737f9e5cd50c887c00c2f3c7211257f884b8b80ce97e61ed1ccb"
  name = "github.com/facebookgo/clock"
  packages = ["."]
  pruneopts = ""
  revision = "600d898af40aa09a7a93ecb9265d87b0504b6f03"

[[projects]]
  branch = "master"
  digest = "1:6930cf0ed08691a27eec5fbdc4e9766867ad5f1694b780b5e2cef8ce601a6604"
  name = "github.com/facebookgo/limitgroup"
  packages = ["."]
  pruneopts = ""
  revision = "6abd8d71ec01451d7f1929eacaa263bbe2935d05"

[[projects]]
  branch = "master"
  digest = "1:4ab698691b394194bdd1bf44f140ddd5f822dfac321d00d925611a2e4ba72224"
  name = "github.com/facebookgo/muster"
  packages = ["."]
  pruneopts = ""
  revision = "fd3d7953fd52354a74b9f6b3d70d0c9650c4ec2a"

[[projects]]
  digest = "1:e988ed0ca0d81f4d28772760c02ee95084961311291bdfefc1b04617c178b722"
  name = "github.com/fatih/color"
  packages = ["."]
  pruneopts = ""
  revision = "5b77d2a35fb0ede96d138fc9a99f5c9b6aef11b4"
  version = "v1.7.0"

[[projects]]
  digest = "1:2defd14040b1ca18840524e9d0f9cfab0ea8d2f2d396b343d221f8bc8e21ab9d"
  name = "github.com/fatih/structs"
  packages = ["."]
  pruneopts = ""
  revision = "4966fc68f5b7593aafa6cbbba2d65ec6e1416047"
  version = "v1.1.0"

[[projects]]
  digest = "1:c5ab426295a72261f029ea768ff8c518ba848edafc3163a8500f37426c213456"
  name = "github.com/felixge/httpsnoop"
  packages = ["."]
  pruneopts = ""
  revision = "eadd4fad6aac69ae62379194fe0219f3dbc80fd3"
  version = "v1.0.0"

[[projects]]
  digest = "1:eb53021a8aa3f599d29c7102e65026242bdedce998a54837dc67f14b6a97c5fd"
  name = "github.com/fsnotify/fsnotify"
  packages = ["."]
  pruneopts = ""
  revision = "c2828203cd70a50dcccfb2761f8b1f8ceef9a8e9"
  version = "v1.4.7"

[[projects]]
  branch = "master"
  digest = "1:e9ffb9315dce0051beb757d0f0fc25db57c4da654efc4eada4ea109c2d9da815"
  name = "github.com/globalsign/mgo"
  packages = [
    "bson",
    "internal/json",
  ]
  pruneopts = ""
  revision = "eeefdecb41b842af6dc652aaea4026e8403e62df"

[[projects]]
  digest = "1:cba75ccf02d7b1d508f860e1f579a986e6b94ccc26841d6dd67d18cd1196e132"
  name = "github.com/go-gomail/gomail"
  packages = ["."]
  pruneopts = ""
  revision = "41f3572897373c5538c50a2402db15db079fa4fd"
  version = "2.0.0"

[[projects]]
  branch = "master"
  digest = "1:48f9a43c330434d61098a65bdf4d8cbfbdc0eecf30ab35b1b88405868df6a42b"
  name = "github.com/go-openapi/analysis"
  packages = [
    ".",
    "internal",
  ]
  pruneopts = ""
  revision = "e2f3fdbb7ed0e56e070ccbfb6fc75b288a33c014"

[[projects]]
  branch = "master"
  digest = "1:90d75a4ad18e82be220162df5f551537c917ef2c0bfa4f04b3bde61130b6286a"
  name = "github.com/go-openapi/errors"
  packages = ["."]
  pruneopts = ""
  revision = "7a7ff1b7b8020f22574411a32f28b4d168d69237"

[[projects]]
  branch = "master"
  digest = "1:770f9cb920b44f3684b0ecccaca45209772bfb29ea03354f7c088de58ec2538d"
  name = "github.com/go-openapi/inflect"
  packages = ["."]
  pruneopts = ""
  revision = "16a898ed1f4943794fb9b0e7afb7376a7619cf21"

[[projects]]
  digest = "1:c8052dcf3ec378a9a6bc4f00ecc10d6d5eb3cc1f8faaf6b2f70f047e8881d446"
  name = "github.com/go-openapi/jsonpointer"
  packages = ["."]
  pruneopts = ""
  revision = "ef5f0afec364d3b9396b7b77b43dbe26bf1f8004"
  version = "v0.18.0"

[[projects]]
  digest = "1:1824e5330b35b2a2418d06aa55629cc59ad454b72e338aa125ba8ff98f16298b"
  name = "github.com/go-openapi/jsonreference"
  packages = ["."]
  pruneopts = ""
  revision = "8483a886a90412cd6858df4ea3483dce9c8e35a3"
  version = "v0.18.0"

[[projects]]
  branch = "master"
  digest = "1:e6529722d1b6bb2e80126d20a03bc05ab4409ace3f006cfa8717c74a8b5ad075"
  name = "github.com/go-openapi/loads"
  packages = [
    ".",
    "fmts",
  ]
  pruneopts = ""
  revision = "74628589c3b94e3526a842d24f46589980f5ab22"

[[projects]]
  branch = "master"
  digest = "1:708923386755f46d63d254e484c77c70ceb1706bf3cb58a45426b3e1469376a1"
  name = "github.com/go-openapi/runtime"
  packages = [
    ".",
    "logger",
    "middleware",
    "middleware/denco",
    "middleware/header",
    "middleware/untyped",
    "security",
  ]
  pruneopts = ""
  revision = "41e24cc66d7af6af39eb9b5a6418e901bcdd333c"

[[projects]]
  branch = "master"
  digest = "1:22359833c00982fb26c61ea501eabbad401de8d811ef5ffc16deddb1e43a21ae"
  name = "github.com/go-openapi/spec"
  packages = ["."]
  pruneopts = ""
  revision = "53d776530bf78a11b03a7b52dd8a083086b045e5"

[[projects]]
  branch = "master"
  digest = "1:8a629a4ba3b1823733ebb98ad9060899c94a1838699fed00195724ad03ae2067"
  name = "github.com/go-openapi/strfmt"
  packages = ["."]
  pruneopts = ""
  revision = "bc2668dc64edd7a448bdb3a6a997a85f7f868bbc"

[[projects]]
  branch = "master"
  digest = "1:4b0a40432e111c3a55210a6361e8e5e1613fdee180dd6ae45d4f77ead8d59915"
  name = "github.com/go-openapi/swag"
  packages = ["."]
  pruneopts = ""
  revision = "de290ea356bdd2815da4219f4f2757611fa09af9"

[[projects]]
  branch = "master"
  digest = "1:3e3802ad256a6bc362935373649a355abe1d1e419bb920f65507abfac3675ae4"
  name = "github.com/go-openapi/validate"
  packages = ["."]
  pruneopts = ""
  revision = "d2eab7d93009e9215fc85b2faa2c2f2a98c2af48"

[[projects]]
  digest = "1:e692d16fdfbddb94e9e4886aaf6c08bdbae5cb4ac80651445de9181b371c6e46"
  name = "github.com/go-sql-driver/mysql"
  packages = ["."]
  pruneopts = ""
  revision = "72cd26f257d44c1114970e19afddcd812016007e"
  version = "v1.4.1"

[[projects]]
  branch = "master"
  digest = "1:16bda0b0f79c2251c7a3f171bacdddf6f4bdd0cbd0b3b7cb1d4b5485d3d2c5b6"
  name = "github.com/go-swagger/go-swagger"
  packages = [
    "cmd/swagger",
    "cmd/swagger/commands",
    "cmd/swagger/commands/generate",
    "cmd/swagger/commands/initcmd",
    "generator",
    "scan",
  ]
  pruneopts = ""
  revision = "23af561e4ef0a4851452cf5a98bee8f87a8d0cd1"

[[projects]]
  digest = "1:025f75e886d822c166d2e628391f068c96f333fba8f3726abce35f22c5a9b6d5"
  name = "github.com/gobuffalo/buffalo-plugins"
  packages = [
    "plugins",
    "plugins/plugdeps",
  ]
  pruneopts = ""
  revision = "bf8af8d91a7e06edf66734d3b3db826a5e96caef"
  version = "v1.12.0"

[[projects]]
  digest = "1:3522d0cc6a8f41d4a91b757b1042bb89dc261a36aebfb47ae81bf37aeade2768"
  name = "github.com/gobuffalo/envy"
  packages = ["."]
  pruneopts = ""
  revision = "f3b98d4da2fa434517f47f615e217fa72ff2c51e"
  version = "v1.6.12"

[[projects]]
  digest = "1:a5dca36731ffa1021ff07ab46ab90d3e41bec9fb91faf9568c2cf2035ab91356"
  name = "github.com/gobuffalo/events"
  packages = ["."]
  pruneopts = ""
  revision = "7405490b2bb796f2d6aaea94f4c8692e67aa7086"
  version = "v1.2.0"

[[projects]]
  digest = "1:7319281ebf6442dccedc76575d999f12f41ed8dd2638670921bcfe4fadeec6ba"
  name = "github.com/gobuffalo/fizz"
  packages = [
    ".",
    "translators",
  ]
  pruneopts = ""
  revision = "e70bf7d38ac1298601cccc46567ef323a12f8e51"
  version = "v1.5.0"

[[projects]]
  branch = "master"
  digest = "1:04eef3d75df786ad321f7c50ac9d5a8d10f40de71ff66067c9e906863244ef82"
  name = "github.com/gobuffalo/flect"
  packages = [
    ".",
    "name",
  ]
  pruneopts = ""
  revision = "a62e61d96794ba2b40ecfe3d314242e14e18fdd6"

[[projects]]
  branch = "master"
  digest = "1:030ef1252001f5e403389860e432677e7fb04b936114c7e3ad656fb8fd6719b6"
  name = "github.com/gobuffalo/genny"
  packages = [
    ".",
    "movinglater/gotools",
    "movinglater/gotools/goimports",
    "movinglater/gotools/gomods",
  ]
  pruneopts = ""
  revision = "3310289fa4b49c64270f2bb83598455f277c1a29"

[[projects]]
  digest = "1:949389a861618f7ffd0c0ab92cc32631fc52487934272e2c5b57cc4d6d159689"
  name = "github.com/gobuffalo/github_flavored_markdown"
  packages = [
    ".",
    "internal/russross/blackfriday",
    "internal/shurcooL/highlight_diff",
    "internal/shurcooL/highlight_go",
    "internal/shurcooL/octicon",
    "internal/shurcooL/sanitized_anchor_name",
  ]
  pruneopts = ""
  revision = "c57d0cf4d2cdde649ecc22f61c78cc9cd41e56af"
  version = "v1.0.7"

[[projects]]
  branch = "master"
  digest = "1:e8cb200d6a09e43a021bf746a83ebf8c82b8e8a943c211cdcddc680f2d9e6cfb"
  name = "github.com/gobuffalo/logger"
  packages = ["."]
  pruneopts = ""
  revision = "5b956e21995cbed3ab29e4901f9e746a6a1d53bb"

[[projects]]
  digest = "1:429c929bb5abee25889f9c9783f046a9d8b97d16e1f5734187defe2bca68ae67"
  name = "github.com/gobuffalo/makr"
  packages = ["."]
  pruneopts = ""
  revision = "bfe537384e6f4cf8a4d9d149bae4f519b186c9fe"
  version = "v1.1.5"

[[projects]]
  digest = "1:393b559d395e7ad075eb04fbc52bc2546a25d5ac129f4fccaf56bb133a6c77d3"
  name = "github.com/gobuffalo/mapi"
  packages = ["."]
  pruneopts = ""
  revision = "09ac528b16b7e871fe0f14d4867a07820a30a14b"
  version = "v1.0.1"

[[projects]]
  branch = "master"
  digest = "1:ed84026f519c64a4762f162997ab7476fe6789adf8aa7a2aa56b172780089859"
  name = "github.com/gobuffalo/meta"
  packages = ["."]
  pruneopts = ""
  revision = "c8fb6f4eb5a9cb0fa2e37ef6e42c2f71e19a1ca8"

[[projects]]
  branch = "master"
  digest = "1:3637ea23c1d8720d62f8400f4b3b5750b11c35baa093a97856bc6295c77cf372"
  name = "github.com/gobuffalo/packd"
  packages = ["."]
  pruneopts = ""
  revision = "eca3b8fd66872a76119b189bbe0f58f776a2a39f"

[[projects]]
  digest = "1:82c8a32555836303cadb66876d39e3adae68c969cf9de02dd6cf989ddd8823b3"
  name = "github.com/gobuffalo/packr"
  packages = [
    "v2",
    "v2/file",
    "v2/file/resolver",
    "v2/file/resolver/encoding/hex",
    "v2/jam/parser",
    "v2/plog",
  ]
  pruneopts = ""
  revision = "679459352e18b4c74274a979d695fe13b68730c1"
  version = "v1.21.9"

[[projects]]
  digest = "1:55593ebc7a7fcd59e0ff0201837c56777ed658b9fa34548e5872391d6325ceb3"
  name = "github.com/gobuffalo/plush"
  packages = [
    ".",
    "ast",
    "lexer",
    "parser",
    "token",
  ]
  pruneopts = ""
  revision = "f69cf36b7832a533698bcb7a9dc7954ed1588671"
  version = "v3.7.33"

[[projects]]
  digest = "1:2ccd0644bddb38de60f792bf70388d106108486ca00c51a8a3d2b274c3a78617"
  name = "github.com/gobuffalo/pop"
  packages = [
    ".",
    "associations",
    "columns",
    "fix",
    "genny/config",
    "logging",
    "nulls",
    "packrd",
    "soda",
    "soda/cmd",
    "soda/cmd/generate",
    "soda/cmd/schema",
  ]
  pruneopts = ""
  revision = "f2c9532e46892d9c943bf85ec4f86bbab1abfbda"
  version = "v4.9.6"

[[projects]]
  branch = "master"
  digest = "1:6098f692e043c3ee2612f47f214d169a3bdeb13ee37f946d10353b5e37aa702b"
  name = "github.com/gobuffalo/syncx"
  packages = ["."]
  pruneopts = ""
  revision = "558ac7de985fc4f4057bff27c7bdf99e92fe0750"

[[projects]]
  digest = "1:2785b601097ecb72188ff4932ff8f617f1c05a3f67eb27abf8ab438eae8fb979"
  name = "github.com/gobuffalo/tags"
  packages = [
    ".",
    "form",
    "form/bootstrap",
  ]
  pruneopts = ""
  revision = "5bface973eaf8938807a6d0c075c415911f45b48"
  version = "v2.0.15"

[[projects]]
  digest = "1:4b6a43ba3296f26ea01ae125e50951f141c215dd18b5b91e9f397117b2951eb1"
  name = "github.com/gobuffalo/uuid"
  packages = ["."]
  pruneopts = ""
  revision = "3f701655805f1ef76e9963d1b377497a0c66d7cd"
  version = "v2.0.5"

[[projects]]
  digest = "1:034a8efb07cc78327b9203f3fb4863326745658e220eaab8ec9ae5f6b37a9c47"
  name = "github.com/gobuffalo/validate"
  packages = [
    ".",
    "validators",
  ]
  pruneopts = ""
  revision = "f6f3be4568c1ac31b364193100816d272e36ddc5"
  version = "v2.0.3"

[[projects]]
  branch = "master"
  digest = "1:23714064ea77188d08923aedcffc46332f207ae63873db84558936f7de9a656c"
  name = "github.com/gobuffalo/x"
  packages = ["defaults"]
  pruneopts = ""
  revision = "14085ca3e1a995a72ac03700ee3e6b56706bda8e"

[[projects]]
  digest = "1:141cc9fc6279592458b304038bd16a05ef477d125c6dad281216345a11746fd7"
  name = "github.com/gofrs/uuid"
  packages = ["."]
  pruneopts = ""
  revision = "6b08a5c5172ba18946672b49749cde22873dd7c2"
  version = "v3.2.0"

[[projects]]
  branch = "travis-1.9"
  digest = "1:d45f5fe0f8bf6cd0bc592502e7e8ec647d769e55387fe326eb624d67282a7d15"
  name = "github.com/golang/lint"
  packages = [
    ".",
    "golint",
  ]
  pruneopts = ""
  revision = "883fe33ffc4344bad1ecd881f61afd5ec5d80e0a"

[[projects]]
  digest = "1:3dd078fda7500c341bc26cfbc6c6a34614f295a2457149fc1045cab767cbcf18"
  name = "github.com/golang/protobuf"
  packages = ["proto"]
  pruneopts = ""
  revision = "aa810b61a9c79d51363740d207bb46cf8e620ed5"
  version = "v1.2.0"

[[projects]]
  digest = "1:a25a2c5ae694b01713fb6cd03c3b1ac1ccc1902b9f0a922680a88ec254f968e1"
  name = "github.com/google/uuid"
  packages = ["."]
  pruneopts = ""
  revision = "9b3b1e0f5f99ae461456d768e7d301a7acdaa2d8"
  version = "v1.1.0"

[[projects]]
  digest = "1:dbbeb8ddb0be949954c8157ee8439c2adfd8dc1c9510eb44a6e58cb68c3dce28"
  name = "github.com/gorilla/context"
  packages = ["."]
  pruneopts = ""
  revision = "08b5f424b9271eedf6f9f0ce86cb9396ed337a42"
  version = "v1.1.1"

[[projects]]
  digest = "1:184d328243f8f2fc51d5682ba43d3b8fa9d91da7ac7ba1f25ac371a930f49a2b"
  name = "github.com/gorilla/csrf"
  packages = ["."]
  pruneopts = ""
  revision = "05b4a732b984ec326cac085631060968d4706b17"
  version = "v1.5.1"

[[projects]]
  digest = "1:66d63ec7b6035984dced87ad37066e5f4ad277c60234a9d9925537248e983200"
  name = "github.com/gorilla/handlers"
  packages = ["."]
  pruneopts = ""
  revision = "7e0847f9db758cdebd26c149d0ae9d5d0b9c98ce"
  version = "v1.4.0"

[[projects]]
  digest = "1:51a1d17ba9fe6648d9fdd5b822baa616d6ec7f28c8669c2091126d206796b5ae"
  name = "github.com/gorilla/securecookie"
  packages = ["."]
  pruneopts = ""
  revision = "e59506cc896acb7f7bf732d4fdf5e25f7ccd8983"
  version = "v1.1.1"

[[projects]]
  digest = "1:8e3bd93036b4a925fe2250d3e4f38f21cadb8ef623561cd80c3c50c114b13201"
  name = "github.com/hashicorp/errwrap"
  packages = ["."]
  pruneopts = ""
  revision = "8a6fb523712970c966eefc6b39ed2c5e74880354"
  version = "v1.0.0"

[[projects]]
  digest = "1:72308fdd6d5ef61106a95be7ca72349a5565809042b6426a3cfb61d99483b824"
  name = "github.com/hashicorp/go-multierror"
  packages = ["."]
  pruneopts = ""
  revision = "886a7fbe3eb1c874d46f623bfa70af45f425b3d1"
  version = "v1.0.0"

[[projects]]
  digest = "1:d14365c51dd1d34d5c79833ec91413bfbb166be978724f15701e17080dc06dec"
  name = "github.com/hashicorp/hcl"
  packages = [
    ".",
    "hcl/ast",
    "hcl/parser",
    "hcl/printer",
    "hcl/scanner",
    "hcl/strconv",
    "hcl/token",
    "json/parser",
    "json/scanner",
    "json/token",
  ]
  pruneopts = ""
  revision = "8cb6e5b959231cc1119e43259c4a608f9c51a241"
  version = "v1.0.0"

[[projects]]
  digest = "1:503723f1afd6cb58a0472dca81ea7321d0e8da2cb05e06ee3bebaeb359a638b7"
  name = "github.com/honeycombio/beeline-go"
  packages = [
    ".",
    "propagation",
    "sample",
    "timer",
    "trace",
    "wrappers/common",
    "wrappers/hnynethttp",
  ]
  pruneopts = ""
  revision = "ea29e636fc3ba8e6f340593221319caab9018dba"
  version = "v0.3.4"

[[projects]]
  digest = "1:d4bd5c405c096e6fd6dfe848318c7ee96e97b480347a529a30a0ecfa226609a9"
  name = "github.com/honeycombio/libhoney-go"
  packages = ["."]
  pruneopts = ""
  revision = "86ceb69a9b89f381631caac96f24df15b88bedad"
  version = "v1.8.1"

[[projects]]
  digest = "1:31bfd110d31505e9ffbc9478e31773bf05bf02adcaeb9b139af42684f9294c13"
  name = "github.com/imdario/mergo"
  packages = ["."]
  pruneopts = ""
  revision = "7c29201646fa3de8506f701213473dd407f19646"
  version = "v0.3.7"

[[projects]]
  digest = "1:870d441fe217b8e689d7949fef6e43efbc787e50f200cb1e70dbca9204a1d6be"
  name = "github.com/inconshreveable/mousetrap"
  packages = ["."]
  pruneopts = ""
  revision = "76626ae9c91c4f2a10f34cad8ce83ea42c93bb75"
  version = "v1.0"

[[projects]]
  digest = "1:04e02fb6a670a17fdc1bd6147524fd0ed2f2dac359b7024c821375dcb7a103b6"
  name = "github.com/jackc/pgx"
  packages = [
    ".",
    "chunkreader",
    "internal/sanitize",
    "pgio",
    "pgproto3",
    "pgtype",
  ]
  pruneopts = ""
  revision = "c59c9cac59ab95eceb0c12ff338923c62f411ea2"
  version = "v3.3.0"

[[projects]]
  digest = "1:ca5c90960520407749b98c49650f54f5f90a667796e85c5ee1597478f702fb91"
  name = "github.com/jessevdk/go-flags"
  packages = ["."]
  pruneopts = ""
  revision = "c6ca198ec95c841fdb89fc0de7496fed11ab854e"
  version = "v1.4.0"

[[projects]]
  digest = "1:13fe471d0ed891e8544eddfeeb0471fd3c9f2015609a1c000aefdedf52a19d40"
  name = "github.com/jmespath/go-jmespath"
  packages = ["."]
  pruneopts = ""
  revision = "c2b33e84"

[[projects]]
  digest = "1:4611e727460d3634059cbe6e0a4799aaeb426ef8150e3b26056c83e1106831c4"
  name = "github.com/jmoiron/sqlx"
  packages = [
    ".",
    "reflectx",
  ]
  pruneopts = ""
  revision = "d161d7a76b5661016ad0b085869f77fd410f3e6a"
  version = "v1.2.0"

[[projects]]
  digest = "1:7df5a9695a743c3e1626b28bb8741602c8c15527e1efaeaec48ab2ff9a23f74c"
  name = "github.com/joho/godotenv"
  packages = ["."]
  pruneopts = ""
  revision = "23d116af351c84513e1946b527c88823e476be13"
  version = "v1.3.0"

[[projects]]
  digest = "1:be398c961548daea844f4301089e60f1cc476842522392ce009d67576c00b3c8"
  name = "github.com/jung-kurt/gofpdf"
  packages = ["."]
  pruneopts = ""
  revision = "14c1db30737a138f8d9797cffea58783892b2fae"
  version = "v1.0.0"

[[projects]]
  digest = "1:9a0116d2683a9c4f6e40bcab3e9afd5a4758f5f22a8966b485cfd1fd68041f36"
  name = "github.com/karrick/godirwalk"
  packages = ["."]
  pruneopts = ""
  revision = "dfb93c3b8093779973bb5ace7d7f7666b99d4298"
  version = "v1.7.8"

[[projects]]
  branch = "master"
  digest = "1:63e7368fcf6b54804076eaec26fd9cf0c4466166b272393db4b93102e1e962df"
  name = "github.com/kballard/go-shellquote"
  packages = ["."]
  pruneopts = ""
  revision = "95032a82bc518f77982ea72343cc1ade730072f0"

[[projects]]
  digest = "1:765270f95ea68ad2150f6143eb8b9c0c17b038a7e2255b46580674471af00e27"
  name = "github.com/kisielk/gotool"
  packages = [
    ".",
    "internal/load",
  ]
  pruneopts = ""
  revision = "80517062f582ea3340cd4baf70e86d539ae7d84d"
  version = "v1.0.0"

[[projects]]
  digest = "1:6a874e3ddfb9db2b42bd8c85b6875407c702fa868eed20634ff489bc896ccfd3"
  name = "github.com/konsorten/go-windows-terminal-sequences"
  packages = ["."]
  pruneopts = ""
  revision = "5c8c8bd35d3832f5d134ae1e1e375b69a4d25242"
  version = "v1.0.1"

[[projects]]
  branch = "master"
  digest = "1:3108ec0946181c60040ff51b811908f89d03e521e2b4ade5ef5c65b3c0e911ae"
  name = "github.com/kr/pretty"
  packages = ["."]
  pruneopts = ""
  revision = "73f6ac0b30a98e433b289500d779f50c1a6f0712"

[[projects]]
  digest = "1:11b056b4421396ab14e384ab8ab8c2079b03f1e51aa5eb4d9b81f9e0d1aa8fbf"
  name = "github.com/kr/text"
  packages = ["."]
  pruneopts = ""
  revision = "e2ffdb16a802fe2bb95e2e35ff34f0e53aeef34f"
  version = "v0.1.0"

[[projects]]
  digest = "1:29145d7af4adafd72a79df5e41456ac9e232d5a28c1cd4dacf3ff008a217fc10"
  name = "github.com/lib/pq"
  packages = [
    ".",
    "oid",
  ]
  pruneopts = ""
  revision = "4ded0e9383f75c197b3a2aaa6d590ac52df6fd79"
  version = "v1.0.0"

[[projects]]
  digest = "1:961dc3b1d11f969370533390fdf203813162980c858e1dabe827b60940c909a5"
  name = "github.com/magiconair/properties"
  packages = ["."]
  pruneopts = ""
  revision = "c2353362d570a7bfa228149c62842019201cfb71"
  version = "v1.8.0"

[[projects]]
  branch = "master"
  digest = "1:212bebc561f4f654a653225868b2a97353cd5e160dc0b0bbc7232b06608474ec"
  name = "github.com/mailru/easyjson"
  packages = [
    "buffer",
    "jlexer",
    "jwriter",
  ]
  pruneopts = ""
  revision = "60711f1a8329503b04e1c88535f419d0bb440bff"

[[projects]]
  digest = "1:973bc4a6db0b41c4111c3903026edcf11b5418e98ab3383358e1c2723bceac0f"
  name = "github.com/markbates/going"
  packages = [
    "defaults",
    "randx",
  ]
  pruneopts = ""
  revision = "7745e382f2e927b7ad1bc04524fa32217acaeb15"
  version = "v1.0.3"

[[projects]]
  digest = "1:b5f0db644057287e018690cca0f76b037dff0115be4c06cf78dcc5897161dffb"
  name = "github.com/markbates/goth"
  packages = [
    ".",
    "providers/openidConnect",
  ]
  pruneopts = ""
  revision = "157987f620ff2fc5e1f6a1427a3685219fbf6ff4"
  version = "v1.49.0"

[[projects]]
  digest = "1:68145053d55a0fa6b5f259eb70de75cb3914f6440472007e67c87894e1c06697"
  name = "github.com/markbates/inflect"
  packages = ["."]
  pruneopts = ""
  revision = "24b83195037b3bc61fcda2d28b7b0518bce293b6"
  version = "v1.0.4"

[[projects]]
  branch = "master"
  digest = "1:ff3d3a7e367bf58b25e3c9203b7e82a02b2bfa220eacb2b362c0dbc3fcffa15b"
  name = "github.com/markbates/oncer"
  packages = ["."]
  pruneopts = ""
  revision = "bf2de49a0be218916e69a11d22866e6cd0a560f2"

[[projects]]
  digest = "1:3f2db5df3a9970a9f0ecab2cbce60f845894ed14f4c6b13859d8d2add7919302"
  name = "github.com/markbates/safe"
  packages = ["."]
  pruneopts = ""
  revision = "6fea05a5732486546a4836b7a1d596c5ec687b98"
  version = "v1.0.1"

[[projects]]
  digest = "1:9ea83adf8e96d6304f394d40436f2eb44c1dc3250d223b74088cc253a6cd0a1c"
  name = "github.com/mattn/go-colorable"
  packages = ["."]
  pruneopts = ""
  revision = "167de6bfdfba052fa6b2d3664c8f5272e23c9072"
  version = "v0.0.9"

[[projects]]
  digest = "1:3140e04675a6a91d2a20ea9d10bdadf6072085502e6def6768361260aee4b967"
  name = "github.com/mattn/go-isatty"
  packages = ["."]
  pruneopts = ""
  revision = "6ca4dbf54d38eea1a992b3c722a76a5d1c4cb25c"
  version = "v0.0.4"

[[projects]]
  digest = "1:477cce5379198d3b8230b5c0961c61fcd1b337371cda81318e89a109245d83cb"
  name = "github.com/mattn/go-shellwords"
  packages = ["."]
  pruneopts = ""
  revision = "02e3cf038dcea8290e44424da473dd12be796a8a"
  version = "v1.0.3"

[[projects]]
  digest = "1:8bbdb2b3dce59271877770d6fe7dcbb8362438fa7d2e1e1f688e4bf2aac72706"
  name = "github.com/mattn/go-sqlite3"
  packages = ["."]
  pruneopts = ""
  revision = "c7c4067b79cc51e6dfdcef5c702e74b1e0fa7c75"
  version = "v1.10.0"

[[projects]]
  digest = "1:2df0b8a6e19ec66dc382b3660045bb7ab67307dd9583c8e3a3ab33b118993129"
  name = "github.com/microcosm-cc/bluemonday"
  packages = ["."]
  pruneopts = ""
  revision = "506f3da9b7c86d737e91f16b7431df8635871552"
  version = "v1.0.2"

[[projects]]
  digest = "1:bcc46a0fbd9e933087bef394871256b5c60269575bb661935874729c65bbbf60"
  name = "github.com/mitchellh/mapstructure"
  packages = ["."]
  pruneopts = ""
  revision = "3536a929edddb9a5b34bd6861dc4a9647cb459fe"
  version = "v1.1.2"

[[projects]]
  digest = "1:0828677c3ebed3fc9c4f11e17e7997a733e62a3f20b38d00d70e756b681b46ab"
  name = "github.com/namsral/flag"
  packages = ["."]
  pruneopts = ""
  revision = "71ceffbeb0ba60fccc853971bb3ed4d7d90bfd04"
  version = "v1.7.4-pre"

[[projects]]
  digest = "1:9da71b9d17d6231f1486dc62d81af3f9d34535703ba9e7a60a902433c3091e3b"
  name = "github.com/nbutton23/zxcvbn-go"
  packages = [
    ".",
    "adjacency",
    "data",
    "entropy",
    "frequency",
    "match",
    "matching",
    "scoring",
    "utils/math",
  ]
  pruneopts = ""
  revision = "eafdab6b0663b4b528c35975c8b0e78be6e25261"
  version = "v0.1"

[[projects]]
  digest = "1:894aef961c056b6d85d12bac890bf60c44e99b46292888bfa66caf529f804457"
  name = "github.com/pelletier/go-toml"
  packages = ["."]
  pruneopts = ""
  revision = "c01d1270ff3e442a8a57cddc1c92dc1138598194"
  version = "v1.2.0"

[[projects]]
  digest = "1:1d7e1867c49a6dd9856598ef7c3123604ea3daabf5b83f303ff457bcbc410b1d"
  name = "github.com/pkg/errors"
  packages = ["."]
  pruneopts = ""
  revision = "ba968bfe8b2f7e042a574c888954fccecfa385b4"
  version = "v0.8.1"

[[projects]]
  digest = "1:256484dbbcd271f9ecebc6795b2df8cad4c458dd0f5fd82a8c2fa0c29f233411"
  name = "github.com/pmezard/go-difflib"
  packages = ["difflib"]
  pruneopts = ""
  revision = "792786c7400a136282c1664665ae0a8db921c6c2"
  version = "v1.0.0"

[[projects]]
  digest = "1:68424e690d4ab241fec8b670af106312dd342f63c0652c663d5bb50d2b2ceb6f"
  name = "github.com/rickar/cal"
  packages = ["."]
  pruneopts = ""
  revision = "bbef9cc051b459b045d9c8a2e814f245d1bb0865"
  version = "v1.0.0"

[[projects]]
  digest = "1:8709094ab0fc13daac9566f27afeea57885e16525b8709074260176f69396c31"
  name = "github.com/rogpeppe/go-internal"
  packages = [
    "modfile",
    "module",
    "semver",
  ]
  pruneopts = ""
  revision = "68d1cb014f030acd0f10ac553801e43c0e5da629"
  version = "v1.1.0"

[[projects]]
  branch = "master"
  digest = "1:4244255905cb95c3c98894d671367f84a6292608ae528936fe46ba9c86f68393"
  name = "github.com/ryanuber/go-glob"
  packages = ["."]
  pruneopts = ""
  revision = "51a8f68e6c24dc43f1e371749c89a267de4ebc53"

[[projects]]
  branch = "master"
  digest = "1:8feac7037416fca86df4937e58b706a1de883219376cd2bfadd13fcc4f39cbb5"
  name = "github.com/securego/gosec"
  packages = [
    ".",
    "cmd/gosec",
    "output",
    "rules",
  ]
  pruneopts = ""
  revision = "04ce7baf6c558fc7e694f72e4c38bb4906875e2e"

[[projects]]
  branch = "master"
  digest = "1:3e415e57ce6b6f30a9f830323be264a24e02130f82ec37eda5fb4dfd4abb53b3"
  name = "github.com/segmentio/backo-go"
  packages = ["."]
  pruneopts = ""
  revision = "204274ad699c0983a70203a566887f17a717fef4"

[[projects]]
  digest = "1:4d909b71505fb8ca6d3965566d395532b028ab6377ebb10e5a5cf515fcab8347"
  name = "github.com/segmentio/chamber"
  packages = [
    ".",
    "cmd",
    "environ",
    "store",
  ]
  pruneopts = ""
  revision = "9ae7098a053437a5f1a317f1758e5c617f4ef671"
  version = "v2.3.2"

[[projects]]
  branch = "master"
  digest = "1:2cca4fc02c8329dadfc6e831e6feb61845983b434fb3e8a034fe5753295a752d"
  name = "github.com/serenize/snaker"
  packages = ["."]
  pruneopts = ""
  revision = "a683aaf2d516deecd70cad0c72e3ca773ecfcef0"

[[projects]]
  digest = "1:3962f553b77bf6c03fc07cd687a22dd3b00fe11aa14d31194f5505f5bb65cdc8"
  name = "github.com/sergi/go-diff"
  packages = ["diffmatchpatch"]
  pruneopts = ""
  revision = "1744e2970ca51c86172c8190fadad617561ed6e7"
  version = "v1.0.0"

[[projects]]
  branch = "master"
  digest = "1:d01d3f05cd9da375d49493ac36373c0dda3b3dce228f54fe2ab3cf2ebcd8a3d7"
  name = "github.com/shurcooL/go"
  packages = [
    "parserutil",
    "printerutil",
    "reflectfind",
    "reflectsource",
  ]
  pruneopts = ""
  revision = "3fef8c783dec4cbce3bc3b1e877260f0d3c891b7"

[[projects]]
  branch = "master"
  digest = "1:0e98454221e57c75314270bfc426b4f6aa1c6b92e2a9f684f91daada477e80b1"
  name = "github.com/shurcooL/go-goon"
  packages = ["."]
  pruneopts = ""
  revision = "37c2f522c041b74919a9e5e3a6c5c47eb34730a5"

[[projects]]
  branch = "master"
  digest = "1:78e45028a7525b961abef663e19f631dd179fde7e11c7c6eeb57a778e490c916"
  name = "github.com/shurcooL/graphql"
  packages = ["ident"]
  pruneopts = ""
  revision = "d48a9a75455f6af30244670bc0c9d0e38e7392b5"

[[projects]]
  digest = "1:9a3c631555e0351fdc4e696577bb63afd90c399d782a8462dba9d100d7021db3"
  name = "github.com/sirupsen/logrus"
  packages = ["."]
  pruneopts = ""
  revision = "e1e72e9de974bd926e5c56f83753fba2df402ce5"
  version = "v1.3.0"

[[projects]]
  branch = "master"
  digest = "1:2572a527898d3259bef02863f0c45a8500eed4b263daae03028693e36a66441e"
  name = "github.com/sourcegraph/annotate"
  packages = ["."]
  pruneopts = ""
  revision = "f4cad6c6324d3f584e1743d8b3e0e017a5f3a636"

[[projects]]
  branch = "master"
  digest = "1:b2d735650965b30a58c303473b9ffb68f580674ddb06866848472d547f962b8f"
  name = "github.com/sourcegraph/syntaxhighlight"
  packages = ["."]
  pruneopts = ""
  revision = "bd320f5d308e1a3c4314c678d8227a0d72574ae7"

[[projects]]
  digest = "1:32c5802989a96ee74cc4e8372efce3cab9cf6355132ad8e80cc32c18757ccd47"
  name = "github.com/spf13/afero"
  packages = [
    ".",
    "mem",
  ]
  pruneopts = ""
  revision = "a5d6946387efe7d64d09dcba68cdd523dc1273a3"
  version = "v1.2.0"

[[projects]]
  digest = "1:ae3493c780092be9d576a1f746ab967293ec165e8473425631f06658b6212afc"
  name = "github.com/spf13/cast"
  packages = ["."]
  pruneopts = ""
  revision = "8c9545af88b134710ab1cd196795e7f2388358d7"
  version = "v1.3.0"

[[projects]]
  digest = "1:a1403cc8a94b8d7956ee5e9694badef0e7b051af289caad1cf668331e3ffa4f6"
  name = "github.com/spf13/cobra"
  packages = ["."]
  pruneopts = ""
  revision = "ef82de70bb3f60c65fb8eebacbb2d122ef517385"
  version = "v0.0.3"

[[projects]]
  digest = "1:9ceffa4ab5f7195ecf18b3a7fff90c837a9ed5e22e66d18069e4bccfe1f52aa0"
  name = "github.com/spf13/jwalterweatherman"
  packages = ["."]
  pruneopts = ""
  revision = "4a4406e478ca629068e7768fc33f3f044173c0a6"
  version = "v1.0.0"

[[projects]]
  digest = "1:cbaf13cdbfef0e4734ed8a7504f57fe893d471d62a35b982bf6fb3f036449a66"
  name = "github.com/spf13/pflag"
  packages = ["."]
  pruneopts = ""
  revision = "298182f68c66c05229eb03ac171abe6e309ee79a"
  version = "v1.0.3"

[[projects]]
  branch = "master"
  digest = "1:de2dfed6ae8aa2da6cd4251a949baabcc61389fa3238b51f9024bdf25c136340"
  name = "github.com/spf13/viper"
  packages = ["."]
  pruneopts = ""
  revision = "d104d259b3380cb653bb793756823c3c41b37b53"

[[projects]]
  digest = "1:381bcbeb112a51493d9d998bbba207a529c73dbb49b3fd789e48c63fac1f192c"
  name = "github.com/stretchr/testify"
  packages = [
    "assert",
    "require",
    "suite",
  ]
  pruneopts = ""
  revision = "ffdc059bfe9ce6a4e144ba849dbedead332c6053"
  version = "v1.3.0"

[[projects]]
  digest = "1:41d24b8f6f442ff86b37be473e45b2bfc9a219eee1bdfabf9e680b9dd51b32a3"
  name = "github.com/tealeg/xlsx"
  packages = ["."]
  pruneopts = ""
  revision = "8be35264fa75a1bbe954ce51eba04f273e2c59e5"
  version = "v1.0.3"

[[projects]]
  digest = "1:e1cd343b3883ced86b6873fe4d2f76799259fba3d1656df6ac0a7fa92644c049"
  name = "github.com/toqueteos/webbrowser"
  packages = ["."]
  pruneopts = ""
  revision = "3232c91b8ede8ca86e8962981d881af78875542f"
  version = "v1.1.0"

[[projects]]
  branch = "afero"
  digest = "1:43f6d0202ff0d872db3b8091c060d1ae7f9e9de5083d5aec8148acde04a9a582"
  name = "github.com/trussworks/pdfcpu"
  packages = [
    "pkg/api",
    "pkg/compress/lzw",
    "pkg/filter",
    "pkg/log",
    "pkg/pdfcpu",
  ]
  pruneopts = ""
  revision = "a53781a43f9d90ab7f5e0bc28f1b178db2ec6b5f"

[[projects]]
  branch = "master"
  digest = "1:5e16797b91d760f6e38965968b50077a0bbc1cc5af77017c3c0b1ca1ae934aed"
  name = "github.com/xtgo/uuid"
  packages = ["."]
  pruneopts = ""
  revision = "a0b114877d4caeffbd7f87e3757c17fce570fea7"

[[projects]]
  branch = "master"
  digest = "1:6678ceacadc5683147f2391aab89037eb03cdda275919adcaf90e455788b9fba"
  name = "go.mozilla.org/pkcs7"
  packages = ["."]
  pruneopts = ""
  revision = "3cffc6fbfe837a6fe43e8e336153379a69ef02bd"

[[projects]]
  digest = "1:74f86c458e82e1c4efbab95233e0cf51b7cc02dc03193be9f62cd81224e10401"
  name = "go.uber.org/atomic"
  packages = ["."]
  pruneopts = ""
  revision = "1ea20fb1cbb1cc08cbd0d913a96dead89aa18289"
  version = "v1.3.2"

[[projects]]
  digest = "1:22c7effcb4da0eacb2bb1940ee173fac010e9ef3c691f5de4b524d538bd980f5"
  name = "go.uber.org/multierr"
  packages = ["."]
  pruneopts = ""
  revision = "3c4937480c32f4c13a875a1829af76c98ca3d40a"
  version = "v1.1.0"

[[projects]]
  digest = "1:246f378f80fba6fcf0f191c486b6613265abd2bc0f2fa55a36b928c67352021e"
  name = "go.uber.org/zap"
  packages = [
    ".",
    "buffer",
    "internal/bufferpool",
    "internal/color",
    "internal/exit",
    "zapcore",
  ]
  pruneopts = ""
  revision = "ff33455a0e382e8a81d14dd7c922020b6b5e7982"
  version = "v1.9.1"

[[projects]]
  digest = "1:8eecddf34737526f80d007fa884507514575c1eed109f18e7e90bf28e3ca7c22"
  name = "goji.io"
  packages = [
    ".",
    "internal",
    "pat",
    "pattern",
  ]
  pruneopts = ""
  revision = "490b001d03d16a116d7c44d95d216c69a1aae798"
  version = "v2.0.2"

[[projects]]
  branch = "master"
  digest = "1:278d561dd1f1743e1b8995f202f56314e33364b395b95514d7df91df48b267da"
  name = "golang.org/x/crypto"
  packages = [
    "bcrypt",
    "blowfish",
    "ssh/terminal",
  ]
  pruneopts = ""
  revision = "057139ce5d2bdbe6fe73c53679e24e9cf007f637"

[[projects]]
  branch = "master"
  digest = "1:1e9704e5379e68ac473c28aeb3f7e7cd4036ae8a246bf0285b5ebdbb8e0cfacf"
  name = "golang.org/x/net"
  packages = [
    "context",
    "context/ctxhttp",
    "html",
    "html/atom",
    "idna",
  ]
  pruneopts = ""
  revision = "d26f9f9a57f3fab6a695bec0d84433c2c50f8bbf"

[[projects]]
  branch = "master"
  digest = "1:f059b0adae6e4630f111d471f127fe69de1f5689ce35465bab387d646c17eb97"
  name = "golang.org/x/oauth2"
  packages = [
    ".",
    "internal",
  ]
  pruneopts = ""
  revision = "5dab4167f31cbd76b407f1486c86b40748bc5073"

[[projects]]
  branch = "master"
  digest = "1:814474ab808c5e04b9334d046f8a0060fc1724c2c02acfd00a7cc0008d675455"
  name = "golang.org/x/sync"
  packages = ["errgroup"]
  pruneopts = ""
  revision = "37e7f081c4d4c64e13b10787722085407fe5d15f"

[[projects]]
  branch = "master"
  digest = "1:7e3b61f51ebcb58b3894928ed7c63aae68820dec1dd57166e5d6e65ef2868f40"
  name = "golang.org/x/sys"
  packages = [
    "unix",
    "windows",
  ]
  pruneopts = ""
  revision = "b90733256f2e882e81d52f9126de08df5615afd9"

[[projects]]
  digest = "1:5acd3512b047305d49e8763eef7ba423901e85d5dd2fd1e71778a0ea8de10bd4"
  name = "golang.org/x/text"
  packages = [
    "collate",
    "collate/build",
    "feature/plural",
    "internal",
    "internal/catmsg",
    "internal/colltab",
    "internal/format",
    "internal/gen",
    "internal/number",
    "internal/stringset",
    "internal/tag",
    "internal/triegen",
    "internal/ucd",
    "language",
    "message",
    "message/catalog",
    "secure/bidirule",
    "transform",
    "unicode/bidi",
    "unicode/cldr",
    "unicode/norm",
    "unicode/rangetable",
    "width",
  ]
  pruneopts = ""
  revision = "f21a4dfb5e38f5895301dc265a8def02365cc3d0"
  version = "v0.3.0"

[[projects]]
  branch = "master"
  digest = "1:0f10ddd231c192f49c4fe6435047ad097ce75a902a681e11195442c33e07e277"
  name = "golang.org/x/tools"
  packages = [
    "go/ast/astutil",
    "go/buildutil",
    "go/gcexportdata",
    "go/internal/cgo",
    "go/internal/gcimporter",
    "go/internal/packagesdriver",
    "go/loader",
    "go/packages",
    "go/types/typeutil",
    "imports",
    "internal/fastwalk",
    "internal/gopathwalk",
    "internal/module",
    "internal/semver",
  ]
  pruneopts = ""
  revision = "d66bd3c5d5a61998d3e35797d266491d11b5e487"

[[projects]]
  digest = "1:bc09e719c4e2a15d17163f5272d9a3131c45d77542b7fdc53ff518815bc19ab3"
  name = "google.golang.org/appengine"
  packages = [
    "cloudsql",
    "internal",
    "internal/base",
    "internal/datastore",
    "internal/log",
    "internal/remote_api",
    "internal/urlfetch",
    "urlfetch",
  ]
  pruneopts = ""
  revision = "e9657d882bb81064595ca3b56cbe2546bbabf7b1"
  version = "v1.4.0"

[[projects]]
  branch = "v3"
  digest = "1:fa33d1dde8ce5b0b37c38c767c250a7684ecd385f9dbabe594ea8543e4d55807"
  name = "gopkg.in/alexcesaro/quotedprintable.v3"
  packages = ["."]
  pruneopts = ""
  revision = "2caba252f4dc53eaf6b553000885530023f54623"

[[projects]]
  digest = "1:73ebcbf8b130be886f04e5b928308604a36620e53343b833926a3aa4f2582abd"
  name = "gopkg.in/alexcesaro/statsd.v2"
  packages = ["."]
  pruneopts = ""
  revision = "7fea3f0d2fab1ad973e641e51dba45443a311a90"
  version = "v2.0.0"

[[projects]]
  digest = "1:58ad576cc5d446d1e6cc6050af1b517c4f5c13787bce6d60b143b9f4db3174be"
  name = "gopkg.in/segmentio/analytics-go.v3"
  packages = ["."]
  pruneopts = ""
  revision = "3b00f71eadd594f41e9b6af6d5198aca38ccaca5"
  version = "v3.0.1"

[[projects]]
  digest = "1:e85837cb04b78f61688c6eba93ea9d14f60d611e2aaf8319999b1a60d2dafbfa"
  name = "gopkg.in/urfave/cli.v1"
  packages = ["."]
  pruneopts = ""
  revision = "cfb38830724cc34fedffe9a2a29fb54fa9169cd1"
  version = "v1.20.0"

[[projects]]
  branch = "v2"
  digest = "1:cedccf16b71e86db87a24f8d4c70b0a855872eb967cb906a66b95de56aefbd0d"
  name = "gopkg.in/yaml.v2"
  packages = ["."]
  pruneopts = ""
  revision = "51d6538a90f86fe93ac480b35f37b2be17fef232"

[solve-meta]
  analyzer-name = "dep"
  analyzer-version = 1
  input-imports = [
    "github.com/aws/aws-sdk-go/aws",
    "github.com/aws/aws-sdk-go/aws/endpoints",
    "github.com/aws/aws-sdk-go/aws/session",
    "github.com/aws/aws-sdk-go/service/s3",
    "github.com/aws/aws-sdk-go/service/s3/s3manager",
    "github.com/aws/aws-sdk-go/service/ses",
    "github.com/aws/aws-sdk-go/service/ses/sesiface",
    "github.com/codegangsta/gin",
    "github.com/dgrijalva/jwt-go",
    "github.com/docker/go-units",
    "github.com/dustin/go-humanize",
    "github.com/facebookgo/clock",
    "github.com/felixge/httpsnoop",
    "github.com/go-gomail/gomail",
    "github.com/go-openapi/loads",
    "github.com/go-openapi/runtime",
    "github.com/go-openapi/runtime/middleware",
    "github.com/go-openapi/strfmt",
    "github.com/go-openapi/swag",
    "github.com/go-swagger/go-swagger/cmd/swagger",
    "github.com/gobuffalo/pop",
    "github.com/gobuffalo/pop/soda",
    "github.com/gobuffalo/validate",
    "github.com/gobuffalo/validate/validators",
    "github.com/gofrs/uuid",
    "github.com/golang/lint/golint",
    "github.com/gorilla/csrf",
    "github.com/hashicorp/go-multierror",
    "github.com/honeycombio/beeline-go",
    "github.com/honeycombio/beeline-go/wrappers/hnynethttp",
    "github.com/imdario/mergo",
    "github.com/jmoiron/sqlx",
    "github.com/jung-kurt/gofpdf",
    "github.com/markbates/goth",
    "github.com/markbates/goth/providers/openidConnect",
    "github.com/namsral/flag",
    "github.com/pkg/errors",
    "github.com/rickar/cal",
    "github.com/securego/gosec/cmd/gosec",
    "github.com/segmentio/chamber",
    "github.com/spf13/afero",
    "github.com/spf13/pflag",
    "github.com/spf13/viper",
    "github.com/stretchr/testify/suite",
    "github.com/tealeg/xlsx",
    "github.com/trussworks/pdfcpu/pkg/api",
    "github.com/trussworks/pdfcpu/pkg/pdfcpu",
    "go.mozilla.org/pkcs7",
    "go.uber.org/zap",
    "go.uber.org/zap/zapcore",
    "goji.io",
    "goji.io/pat",
    "golang.org/x/crypto/bcrypt",
    "golang.org/x/text/language",
    "golang.org/x/text/message",
  ]
  solver-name = "gps-cdcl"
  solver-version = 1
