# This file is autogenerated, do not edit; changes may be undone by the next 'dep ensure'.


[[projects]]
  branch = "master"
  digest = "1:22a800dff0d8932b39749e2196a33d27d82d2ae495db3960db55b23e68fb1efa"
  name = "dmitri.shuralyov.com/text/kebabcase"
  packages = ["."]
  pruneopts = ""
  revision = "40e40b42552a9cb37d6e98f4ad31f63ae53ea43a"

[[projects]]
  branch = "master"
  digest = "1:2c01e05304115494a8ca2f0c0b9d0384c3dc5115627a2f5864e440201cffebb3"
  name = "github.com/0xAX/notificator"
  packages = ["."]
  pruneopts = ""
  revision = "88d57ee9043ba88d6a62e437fa15dda1ca0d2b59"

[[projects]]
  digest = "1:8e47871087b94913898333f37af26732faaab30cdb41571136cf7aec9921dae7"
  name = "github.com/PuerkitoBio/purell"
  packages = ["."]
  pruneopts = ""
  revision = "0bcb03f4b4d0a9428594752bd2a3b9aa0a9d4bd4"
  version = "v1.1.0"

[[projects]]
  branch = "master"
  digest = "1:331a419049c2be691e5ba1d24342fc77c7e767a80c666a18fd8a9f7b82419c1c"
  name = "github.com/PuerkitoBio/urlesc"
  packages = ["."]
  pruneopts = ""
  revision = "de5bf2ad457846296e2031421a34e2568e304e35"

[[projects]]
  digest = "1:d8a2bb36a048d1571bcc1aee208b61f39dc16c6c53823feffd37449dde162507"
  name = "github.com/asaskevich/govalidator"
  packages = ["."]
  pruneopts = ""
  revision = "ccb8e960c48f04d6935e72476ae4a51028f9e22f"
  version = "v9"

[[projects]]
  digest = "1:c983cbc78a187ca90daf7ef00de2fee1f8991698dbdc6de3734abb1849a14e84"
  name = "github.com/aws/aws-sdk-go"
  packages = [
    "aws",
    "aws/awserr",
    "aws/awsutil",
    "aws/client",
    "aws/client/metadata",
    "aws/corehandlers",
    "aws/credentials",
    "aws/credentials/ec2rolecreds",
    "aws/credentials/endpointcreds",
    "aws/credentials/stscreds",
    "aws/csm",
    "aws/defaults",
    "aws/ec2metadata",
    "aws/endpoints",
    "aws/request",
    "aws/session",
    "aws/signer/v4",
    "internal/sdkio",
    "internal/sdkrand",
    "internal/sdkuri",
    "internal/shareddefaults",
    "private/protocol",
    "private/protocol/eventstream",
    "private/protocol/eventstream/eventstreamapi",
    "private/protocol/json/jsonutil",
    "private/protocol/jsonrpc",
    "private/protocol/query",
    "private/protocol/query/queryutil",
    "private/protocol/rest",
    "private/protocol/restxml",
    "private/protocol/xml/xmlutil",
    "service/s3",
    "service/s3/s3iface",
    "service/ses",
    "service/ses/sesiface",
    "service/ssm",
    "service/ssm/ssmiface",
    "service/sts",
  ]
  pruneopts = ""
  revision = "a8ff9e4804fc89c994b731b1c057640ab2aecff3"
  version = "v1.15.45"

[[projects]]
  branch = "master"
  digest = "1:c05e492e19a0704f4fee4d546ca899586c176b73f31c4a06051473ea75e7eaa2"
  name = "github.com/cockroachdb/cockroach-go"
  packages = ["crdb"]
  pruneopts = ""
  revision = "59c0560478b705bf9bd12f9252224a0fad7c87df"

[[projects]]
  branch = "master"
  digest = "1:4e235891dc46da33fc48f0f09d6015b9a4ae9eca203e50bee88163adcbb1c32b"
  name = "github.com/codegangsta/envy"
  packages = ["lib"]
  pruneopts = ""
  revision = "4b78388c8ce4fa412440ca4eaa654e2fdd752e49"

[[projects]]
  branch = "master"
  digest = "1:dddcd8fd78959ba441c013560458aecafeda12a90533ef8a5a553c5a2f5edbf5"
  name = "github.com/codegangsta/gin"
  packages = [
    ".",
    "lib",
  ]
  pruneopts = ""
  revision = "cafe2ce98974a3dcca6b92ce393a91a0b58b8133"

[[projects]]
  digest = "1:0deddd908b6b4b768cfc272c16ee61e7088a60f7fe2f06c547bd3d8e1f8b8e77"
  name = "github.com/davecgh/go-spew"
  packages = ["spew"]
  pruneopts = ""
  revision = "8991bc29aa16c548c550c7ff78260e27b9ab7c73"
  version = "v1.1.1"

[[projects]]
  digest = "1:6098222470fe0172157ce9bbef5d2200df4edde17ee649c5d6e48330e4afa4c6"
  name = "github.com/dgrijalva/jwt-go"
  packages = ["."]
  pruneopts = ""
  revision = "06ea1031745cb8b3dab3f6a236daf2b0aa468b7e"
  version = "v3.2.0"

[[projects]]
  digest = "1:582d54fcb7233da8dde1dfd2210a5b9675d0685f84246a8d317b07d680c18b1b"
  name = "github.com/docker/go-units"
  packages = ["."]
  pruneopts = ""
  revision = "47565b4f722fb6ceae66b95f853feed578a4a51c"
  version = "v0.3.3"

[[projects]]
  branch = "master"
  digest = "1:f1a75a8e00244e5ea77ff274baa9559eb877437b240ee7b278f3fc560d9f08bf"
  name = "github.com/dustin/go-humanize"
  packages = ["."]
  pruneopts = ""
  revision = "9f541cc9db5d55bce703bd99987c9d5cb8eea45e"

[[projects]]
  branch = "master"
  digest = "1:88b37f144a80737f9e5cd50c887c00c2f3c7211257f884b8b80ce97e61ed1ccb"
  name = "github.com/facebookgo/clock"
  packages = ["."]
  pruneopts = ""
  revision = "600d898af40aa09a7a93ecb9265d87b0504b6f03"

[[projects]]
  branch = "master"
  digest = "1:6930cf0ed08691a27eec5fbdc4e9766867ad5f1694b780b5e2cef8ce601a6604"
  name = "github.com/facebookgo/limitgroup"
  packages = ["."]
  pruneopts = ""
  revision = "6abd8d71ec01451d7f1929eacaa263bbe2935d05"

[[projects]]
  branch = "master"
  digest = "1:4ab698691b394194bdd1bf44f140ddd5f822dfac321d00d925611a2e4ba72224"
  name = "github.com/facebookgo/muster"
  packages = ["."]
  pruneopts = ""
  revision = "fd3d7953fd52354a74b9f6b3d70d0c9650c4ec2a"

[[projects]]
  digest = "1:e988ed0ca0d81f4d28772760c02ee95084961311291bdfefc1b04617c178b722"
  name = "github.com/fatih/color"
  packages = ["."]
  pruneopts = ""
  revision = "5b77d2a35fb0ede96d138fc9a99f5c9b6aef11b4"
  version = "v1.7.0"

[[projects]]
  digest = "1:55848e643a99a9dfceb19e090ce67111328fbb1780f34c62a0430994ff85fb90"
  name = "github.com/fatih/structs"
  packages = ["."]
  pruneopts = ""
  revision = "a720dfa8df582c51dee1b36feabb906bde1588bd"
  version = "v1.0"

[[projects]]
  digest = "1:c5ab426295a72261f029ea768ff8c518ba848edafc3163a8500f37426c213456"
  name = "github.com/felixge/httpsnoop"
  packages = ["."]
  pruneopts = ""
  revision = "eadd4fad6aac69ae62379194fe0219f3dbc80fd3"
  version = "v1.0.0"

[[projects]]
  digest = "1:eb53021a8aa3f599d29c7102e65026242bdedce998a54837dc67f14b6a97c5fd"
  name = "github.com/fsnotify/fsnotify"
  packages = ["."]
  pruneopts = ""
  revision = "c2828203cd70a50dcccfb2761f8b1f8ceef9a8e9"
  version = "v1.4.7"

[[projects]]
  branch = "master"
  digest = "1:ff0a3cc34addcbd669622ba0dc8231d4eff046eec7b3eae1ccafd06a901279d3"
  name = "github.com/globalsign/mgo"
  packages = [
    "bson",
    "internal/json",
  ]
  pruneopts = ""
  revision = "1ca0a4f7cbcbe61c005d1bd43fdd8bb8b71df6bc"

[[projects]]
  digest = "1:cba75ccf02d7b1d508f860e1f579a986e6b94ccc26841d6dd67d18cd1196e132"
  name = "github.com/go-gomail/gomail"
  packages = ["."]
  pruneopts = ""
  revision = "41f3572897373c5538c50a2402db15db079fa4fd"
  version = "2.0.0"

[[projects]]
  digest = "1:a6f43a35242db0a1387907e6fd0c7e1dccfbed95c7176f166d31d0b5a96c65fc"
  name = "github.com/go-ini/ini"
  packages = ["."]
  pruneopts = ""
  revision = "7b294651033cd7d9e7f0d9ffa1b75ed1e198e737"
  version = "v1.38.3"

[[projects]]
  branch = "master"
  digest = "1:bcf497dd7623124901410ba0426816e615bf8937470ca076f60f1e37d25fa862"
  name = "github.com/go-openapi/analysis"
  packages = [
    ".",
    "internal",
  ]
  pruneopts = ""
  revision = "b006789cd277d4fa4d16767046d694a256c6a218"

[[projects]]
  branch = "master"
  digest = "1:73681bc725465f8790dfea8ec6a0ba724c6708776a84152169c776cd6767918a"
  name = "github.com/go-openapi/errors"
  packages = ["."]
  pruneopts = ""
  revision = "1801eed82180a62bad31fddc6814cca143e4ee3a"

[[projects]]
  branch = "master"
  digest = "1:4b9fa735fa783733c60fe0193c906791fea2060e8eddb9b014c1d0c82e8ad2ab"
  name = "github.com/go-openapi/inflect"
  packages = ["."]
  pruneopts = ""
  revision = "b1f6470ffb9c552dc105dd869f16e36ba86ba7d0"

[[projects]]
  digest = "1:e116a4866bffeec941056a1fcfd37e520fad1ee60e4e3579719f19a43c392e10"
  name = "github.com/go-openapi/jsonpointer"
  packages = ["."]
  pruneopts = ""
  revision = "3a0015ad55fa9873f41605d3e8f28cd279c32ab2"
  version = "0.16.0"

[[projects]]
  digest = "1:3830527ef0f4f9b268d9286661c0f52f9115f8aefd9f45ee7352516f93489ac9"
  name = "github.com/go-openapi/jsonreference"
  packages = ["."]
  pruneopts = ""
  revision = "3fb327e6747da3043567ee86abd02bb6376b6be2"
  version = "0.16.0"

[[projects]]
  branch = "master"
  digest = "1:41942acf4af317ecf6e6e4208eeeee9f970fcb064f5d5a1dcbb8da3559dcf4b3"
  name = "github.com/go-openapi/loads"
  packages = [
    ".",
    "fmts",
  ]
  pruneopts = ""
  revision = "fd899182a268dcf25de088722375311d9dee2662"

[[projects]]
  branch = "master"
  digest = "1:4bebf384af0c899a9492dce65a49bc2c1c2b658c6a2f333f9a4ee8b8a4cf1cf7"
  name = "github.com/go-openapi/runtime"
  packages = [
    ".",
    "flagext",
    "logger",
    "middleware",
    "middleware/denco",
    "middleware/header",
    "middleware/untyped",
    "security",
  ]
  pruneopts = ""
  revision = "4f900dc2ade947627ebfedb93970ba1529f7e118"

[[projects]]
  branch = "master"
  digest = "1:ec77e8ec51a709ab446bcf3e7b5ae066220526cfe08635c9e54669acc6105298"
  name = "github.com/go-openapi/spec"
  packages = ["."]
  pruneopts = ""
  revision = "f1468acb3b29cdd5c5f6fa29435d2d2d6e6c9ff1"

[[projects]]
  branch = "master"
  digest = "1:0a5a4bdbb7edc3f3688ca48134cd1486255b0b1bb0598e143f01aa82e3a280a2"
  name = "github.com/go-openapi/strfmt"
  packages = ["."]
  pruneopts = ""
  revision = "776114108ccc228238641096ea5be3d24842d4ea"

[[projects]]
  branch = "master"
  digest = "1:32ccb288db841a2d16c367dc8bc8f181ceac260f0ab6bc052a81999013ba8683"
  name = "github.com/go-openapi/swag"
  packages = ["."]
  pruneopts = ""
  revision = "dd0dad036e67ae93c27dc64337b3f76296f3a5f0"

[[projects]]
  branch = "master"
  digest = "1:a7b612573104e8d501759fb9696f8cd7e9969236135817f4795cf0036e51d840"
  name = "github.com/go-openapi/validate"
  packages = ["."]
  pruneopts = ""
  revision = "e0648ff405079d973622f8b2bf739ed3a1c5cd9b"

[[projects]]
  digest = "1:c07de423ca37dc2765396d6971599ab652a339538084b9b58c9f7fc533b28525"
  name = "github.com/go-sql-driver/mysql"
  packages = ["."]
  pruneopts = ""
  revision = "d523deb1b23d913de5bdada721a6071e71283618"
  version = "v1.4.0"

[[projects]]
  branch = "master"
  digest = "1:cef16f7af499afd01a702112cc7c543f515eeccf7abb93465b4f91d9f9475328"
  name = "github.com/go-swagger/go-swagger"
  packages = [
    "cmd/swagger",
    "cmd/swagger/commands",
    "cmd/swagger/commands/generate",
    "cmd/swagger/commands/initcmd",
    "generator",
    "scan",
  ]
  pruneopts = ""
  revision = "438e664c56c5ab1789833285e73488805dc19063"

[[projects]]
  digest = "1:6d49a51383769ec8b1835bd0bea6c446057b109d2676bb28a20264577a1bb74b"
  name = "github.com/gobuffalo/envy"
  packages = ["."]
  pruneopts = ""
  revision = "3c96536452167a705ca5a70b831d3810e1e10452"
  version = "v1.6.4"

[[projects]]
  digest = "1:1480ebbf2fe0a682aed6c109517c6940820546fafc635357c5449acc52efa82f"
  name = "github.com/gobuffalo/fizz"
  packages = [
    ".",
    "translators",
  ]
  pruneopts = ""
  revision = "2ee389a202a50a7ace33ad8f97b9f0b27932e264"
  version = "v1.0.12"

[[projects]]
  digest = "1:59f5c350fd07fe3f75142a5c7d093c27c92af0aac374eb0ac8c3a4da3e40b852"
  name = "github.com/gobuffalo/github_flavored_markdown"
  packages = [
    ".",
    "internal/russross/blackfriday",
  ]
  pruneopts = ""
  revision = "99b77ecb08795b8b2cf87f687633f95e8f40c651"
  version = "v1.0.5"

[[projects]]
  digest = "1:429c929bb5abee25889f9c9783f046a9d8b97d16e1f5734187defe2bca68ae67"
  name = "github.com/gobuffalo/makr"
  packages = ["."]
  pruneopts = ""
  revision = "bfe537384e6f4cf8a4d9d149bae4f519b186c9fe"
  version = "v1.1.5"

[[projects]]
  digest = "1:61416415ed09917c36481eb30d3d5836c7b10e3225f412546a1f7a80fc5b33ce"
  name = "github.com/gobuffalo/packr"
  packages = ["."]
  pruneopts = ""
  revision = "5a2cbb54c4e7d482e3f518c56f1f86f133d5204f"
  version = "v1.13.7"

[[projects]]
  digest = "1:83b0a8edca87ad1f33e71498835c2e1b8d0af00d50fdd4dab7bacec35f2385ba"
  name = "github.com/gobuffalo/plush"
  packages = [
    ".",
    "ast",
    "lexer",
    "parser",
    "token",
  ]
  pruneopts = ""
  revision = "621b4e90d1ccbbbcb80e1c6c6e01453121973055"
  version = "v3.7.16"

[[projects]]
  digest = "1:4321c4d1c2a5986e5d3a24c0eb5a7cbace9e63e77db782b3221c5ef08417efc8"
  name = "github.com/gobuffalo/pop"
  packages = [
    ".",
    "associations",
    "columns",
    "fix",
    "logging",
    "nulls",
    "soda",
    "soda/cmd",
    "soda/cmd/generate",
    "soda/cmd/schema",
  ]
  pruneopts = ""
  revision = "4a3f85fcfee8961e300836206b9249b45ec722b4"
  version = "v4.7.3"

[[projects]]
  digest = "1:49bd84c82f6396395bbf409b7ed369ed238d1b6183b6ea5e8f49a4712394d8ad"
  name = "github.com/gobuffalo/tags"
  packages = [
    ".",
    "form",
    "form/bootstrap",
  ]
  pruneopts = ""
  revision = "da5de2a6b4fdd40153789f7efff1330616e28de7"
  version = "v2.0.11"

[[projects]]
  digest = "1:c7382630b7f8958a68cf9c9314477a192890bea01d6bed9b22f95d3bad5530d2"
  name = "github.com/gobuffalo/uuid"
  packages = ["."]
  pruneopts = ""
  revision = "7652001f1b1ff3d69aa899943b668e9be27284a0"
  version = "v2.0.3"

[[projects]]
  digest = "1:034a8efb07cc78327b9203f3fb4863326745658e220eaab8ec9ae5f6b37a9c47"
  name = "github.com/gobuffalo/validate"
  packages = [
    ".",
    "validators",
  ]
  pruneopts = ""
  revision = "f6f3be4568c1ac31b364193100816d272e36ddc5"
  version = "v2.0.3"

[[projects]]
  branch = "master"
  digest = "1:923a8d648a9b95dcfe444204d4f2b2df2ec7f2fa48fb4a705ffef7c5d3541211"
  name = "github.com/golang/lint"
  packages = ["golint"]
  pruneopts = ""
  revision = "06c8688daad7faa9da5a0c2f163a3d14aac986ca"

[[projects]]
  digest = "1:3dd078fda7500c341bc26cfbc6c6a34614f295a2457149fc1045cab767cbcf18"
  name = "github.com/golang/protobuf"
  packages = ["proto"]
  pruneopts = ""
  revision = "aa810b61a9c79d51363740d207bb46cf8e620ed5"
  version = "v1.2.0"

[[projects]]
  digest = "1:5247b135b5492aa232a731acdcb52b08f32b874cb398f21ab460396eadbe866b"
  name = "github.com/google/uuid"
  packages = ["."]
  pruneopts = ""
  revision = "d460ce9f8df2e77fb1ba55ca87fafed96c607494"
  version = "v1.0.0"

[[projects]]
  digest = "1:66d63ec7b6035984dced87ad37066e5f4ad277c60234a9d9925537248e983200"
  name = "github.com/gorilla/handlers"
  packages = ["."]
  pruneopts = ""
  revision = "7e0847f9db758cdebd26c149d0ae9d5d0b9c98ce"
  version = "v1.4.0"

[[projects]]
  digest = "1:d14365c51dd1d34d5c79833ec91413bfbb166be978724f15701e17080dc06dec"
  name = "github.com/hashicorp/hcl"
  packages = [
    ".",
    "hcl/ast",
    "hcl/parser",
    "hcl/printer",
    "hcl/scanner",
    "hcl/strconv",
    "hcl/token",
    "json/parser",
    "json/scanner",
    "json/token",
  ]
  pruneopts = ""
  revision = "8cb6e5b959231cc1119e43259c4a608f9c51a241"
  version = "v1.0.0"

[[projects]]
  digest = "1:0aa946377f8aab3f6a7f40bd6f28e1c29179f4ba35d64052be6a648003e86a42"
  name = "github.com/honeycombio/beeline-go"
  packages = [
    ".",
    "propagation",
    "sample",
    "timer",
    "trace",
    "wrappers/common",
    "wrappers/hnynethttp",
  ]
  pruneopts = ""
  revision = "63a6c77ef26f9c9571dbf9f62eba02e1852a2b37"
  version = "v0.2.3"

[[projects]]
  digest = "1:9b9bd41bf73c968f4f8086d125c9a51e0b631cb0109814dfc8d8132220454318"
  name = "github.com/honeycombio/libhoney-go"
  packages = ["."]
  pruneopts = ""
  revision = "7316df5ca5dd8fd4102363da40431a41c266e886"
  version = "v1.8.0"

[[projects]]
  digest = "1:7ab38c15bd21e056e3115c8b526d201eaf74e0308da9370997c6b3c187115d36"
  name = "github.com/imdario/mergo"
  packages = ["."]
  pruneopts = ""
  revision = "9f23e2d6bd2a77f959b2bf6acdbefd708a83a4a4"
  version = "v0.3.6"

[[projects]]
  digest = "1:870d441fe217b8e689d7949fef6e43efbc787e50f200cb1e70dbca9204a1d6be"
  name = "github.com/inconshreveable/mousetrap"
  packages = ["."]
  pruneopts = ""
  revision = "76626ae9c91c4f2a10f34cad8ce83ea42c93bb75"
  version = "v1.0"

[[projects]]
  digest = "1:ca5c90960520407749b98c49650f54f5f90a667796e85c5ee1597478f702fb91"
  name = "github.com/jessevdk/go-flags"
  packages = ["."]
  pruneopts = ""
  revision = "c6ca198ec95c841fdb89fc0de7496fed11ab854e"
  version = "v1.4.0"

[[projects]]
  digest = "1:6f49eae0c1e5dab1dafafee34b207aeb7a42303105960944828c2079b92fc88e"
  name = "github.com/jmespath/go-jmespath"
  packages = ["."]
  pruneopts = ""
  revision = "0b12d6b5"

[[projects]]
  branch = "master"
  digest = "1:617ee2434b77e911fa26b678730be9a617f75243b194eadc8201c8ac860844aa"
  name = "github.com/jmoiron/sqlx"
  packages = [
    ".",
    "reflectx",
  ]
  pruneopts = ""
  revision = "0dae4fefe7c0e190f7b5a78dac28a1c82cc8d849"

[[projects]]
  digest = "1:7df5a9695a743c3e1626b28bb8741602c8c15527e1efaeaec48ab2ff9a23f74c"
  name = "github.com/joho/godotenv"
  packages = ["."]
  pruneopts = ""
  revision = "23d116af351c84513e1946b527c88823e476be13"
  version = "v1.3.0"

[[projects]]
  digest = "1:be398c961548daea844f4301089e60f1cc476842522392ce009d67576c00b3c8"
  name = "github.com/jung-kurt/gofpdf"
  packages = ["."]
  pruneopts = ""
  revision = "14c1db30737a138f8d9797cffea58783892b2fae"
  version = "v1.0.0"

[[projects]]
  branch = "master"
  digest = "1:63e7368fcf6b54804076eaec26fd9cf0c4466166b272393db4b93102e1e962df"
  name = "github.com/kballard/go-shellquote"
  packages = ["."]
  pruneopts = ""
  revision = "95032a82bc518f77982ea72343cc1ade730072f0"

[[projects]]
  digest = "1:765270f95ea68ad2150f6143eb8b9c0c17b038a7e2255b46580674471af00e27"
  name = "github.com/kisielk/gotool"
  packages = [
    ".",
    "internal/load",
  ]
  pruneopts = ""
  revision = "80517062f582ea3340cd4baf70e86d539ae7d84d"
  version = "v1.0.0"

[[projects]]
  branch = "master"
  digest = "1:3108ec0946181c60040ff51b811908f89d03e521e2b4ade5ef5c65b3c0e911ae"
  name = "github.com/kr/pretty"
  packages = ["."]
  pruneopts = ""
  revision = "73f6ac0b30a98e433b289500d779f50c1a6f0712"

[[projects]]
  digest = "1:11b056b4421396ab14e384ab8ab8c2079b03f1e51aa5eb4d9b81f9e0d1aa8fbf"
  name = "github.com/kr/text"
  packages = ["."]
  pruneopts = ""
  revision = "e2ffdb16a802fe2bb95e2e35ff34f0e53aeef34f"
  version = "v0.1.0"

[[projects]]
  digest = "1:29145d7af4adafd72a79df5e41456ac9e232d5a28c1cd4dacf3ff008a217fc10"
  name = "github.com/lib/pq"
  packages = [
    ".",
    "oid",
  ]
  pruneopts = ""
  revision = "4ded0e9383f75c197b3a2aaa6d590ac52df6fd79"
  version = "v1.0.0"

[[projects]]
  digest = "1:961dc3b1d11f969370533390fdf203813162980c858e1dabe827b60940c909a5"
  name = "github.com/magiconair/properties"
  packages = ["."]
  pruneopts = ""
  revision = "c2353362d570a7bfa228149c62842019201cfb71"
  version = "v1.8.0"

[[projects]]
  branch = "master"
  digest = "1:212bebc561f4f654a653225868b2a97353cd5e160dc0b0bbc7232b06608474ec"
  name = "github.com/mailru/easyjson"
  packages = [
    "buffer",
    "jlexer",
    "jwriter",
  ]
  pruneopts = ""
  revision = "60711f1a8329503b04e1c88535f419d0bb440bff"

[[projects]]
  digest = "1:f536747540c6fb26953edf545055bc85bbbadf8f052ae109b36948676ea59a6d"
  name = "github.com/markbates/going"
  packages = [
    "defaults",
    "randx",
  ]
  pruneopts = ""
  revision = "e6789dc391e3308d92d2f9131990b7426e5e3066"
  version = "v1.0.2"

[[projects]]
  digest = "1:8f5ef35477c8db09c49cc8f702dcc85bafcfc4e2f14b63975b587a589ce2303c"
  name = "github.com/markbates/goth"
  packages = [
    ".",
    "providers/openidConnect",
  ]
  pruneopts = ""
  revision = "f9c6649ab984d6ea71ef1e13b7b1cdffcf4592d3"
  version = "v1.46.1"

[[projects]]
  digest = "1:ad2a7161b6c8e1f1514c8eb1c75eb17a7b9943e11187229e55d796242be10c6b"
  name = "github.com/markbates/inflect"
  packages = ["."]
  pruneopts = ""
  revision = "dd7de90c06bca70f18136e59dec2270c19a401e7"
  version = "v1.0.0"

[[projects]]
  digest = "1:9ea83adf8e96d6304f394d40436f2eb44c1dc3250d223b74088cc253a6cd0a1c"
  name = "github.com/mattn/go-colorable"
  packages = ["."]
  pruneopts = ""
  revision = "167de6bfdfba052fa6b2d3664c8f5272e23c9072"
  version = "v0.0.9"

[[projects]]
  digest = "1:3140e04675a6a91d2a20ea9d10bdadf6072085502e6def6768361260aee4b967"
  name = "github.com/mattn/go-isatty"
  packages = ["."]
  pruneopts = ""
  revision = "6ca4dbf54d38eea1a992b3c722a76a5d1c4cb25c"
  version = "v0.0.4"

[[projects]]
  digest = "1:477cce5379198d3b8230b5c0961c61fcd1b337371cda81318e89a109245d83cb"
  name = "github.com/mattn/go-shellwords"
  packages = ["."]
  pruneopts = ""
  revision = "02e3cf038dcea8290e44424da473dd12be796a8a"
  version = "v1.0.3"

[[projects]]
  digest = "1:bc03901fc8f0965ccba8bc453eae21a9b04f95999eab664c7de6dc7290f4e8f4"
  name = "github.com/mattn/go-sqlite3"
  packages = ["."]
  pruneopts = ""
  revision = "25ecb14adfc7543176f7d85291ec7dba82c6f7e4"
  version = "v1.9.0"

[[projects]]
  digest = "1:125f8ef0b7b53f42fe8d82b5462d803d56c2d357b8cea7796ed7cee0214008ec"
  name = "github.com/microcosm-cc/bluemonday"
  packages = ["."]
  pruneopts = ""
  revision = "82c7118e8ccf7403d4860175d97bb635e8e28239"
  version = "v1.0.1"

[[projects]]
  digest = "1:0764a7bd75d83b6551d3a8c6250e7af08f462dbb78e7afe7d57be26561e37f30"
  name = "github.com/mitchellh/mapstructure"
  packages = ["."]
  pruneopts = ""
  revision = "4632c4f49fb352596def0d4005bcbe7f38fe9008"
  version = "v1.1.0"

[[projects]]
  digest = "1:0828677c3ebed3fc9c4f11e17e7997a733e62a3f20b38d00d70e756b681b46ab"
  name = "github.com/namsral/flag"
  packages = ["."]
  pruneopts = ""
  revision = "71ceffbeb0ba60fccc853971bb3ed4d7d90bfd04"
  version = "v1.7.4-pre"

[[projects]]
  digest = "1:9da71b9d17d6231f1486dc62d81af3f9d34535703ba9e7a60a902433c3091e3b"
  name = "github.com/nbutton23/zxcvbn-go"
  packages = [
    ".",
    "adjacency",
    "data",
    "entropy",
    "frequency",
    "match",
    "matching",
    "scoring",
    "utils/math",
  ]
  pruneopts = ""
  revision = "eafdab6b0663b4b528c35975c8b0e78be6e25261"
  version = "v0.1"

[[projects]]
  digest = "1:894aef961c056b6d85d12bac890bf60c44e99b46292888bfa66caf529f804457"
  name = "github.com/pelletier/go-toml"
  packages = ["."]
  pruneopts = ""
  revision = "c01d1270ff3e442a8a57cddc1c92dc1138598194"
  version = "v1.2.0"

[[projects]]
  digest = "1:7365acd48986e205ccb8652cc746f09c8b7876030d53710ea6ef7d0bd0dcd7ca"
  name = "github.com/pkg/errors"
  packages = ["."]
  pruneopts = ""
  revision = "645ef00459ed84a119197bfb8d8205042c6df63d"
  version = "v0.8.0"

[[projects]]
  digest = "1:256484dbbcd271f9ecebc6795b2df8cad4c458dd0f5fd82a8c2fa0c29f233411"
  name = "github.com/pmezard/go-difflib"
  packages = ["difflib"]
  pruneopts = ""
  revision = "792786c7400a136282c1664665ae0a8db921c6c2"
  version = "v1.0.0"

[[projects]]
  branch = "master"
  digest = "1:d6b12a14e66a2ab1ef788252f0d547ad6f641a2824bf54b1af5e4109b405ff39"
  name = "github.com/rickar/cal"
  packages = ["."]
  pruneopts = ""
  revision = "dbf7e8f9712c5536d29455e1461af2227eb20692"

[[projects]]
  branch = "master"
  digest = "1:98891c206223fa262569ea196faad59d2c169de675e74796030524eea327ed7d"
  name = "github.com/ryanuber/go-glob"
  packages = ["."]
  pruneopts = ""
  revision = "256dc444b735e061061cf46c809487313d5b0065"

[[projects]]
  branch = "master"
  digest = "1:7b3f2d8013a52893b40658bda7722729cc672aaf07cb3ee13b2d2846d22f1215"
  name = "github.com/securego/gosec"
  packages = [
    ".",
    "cmd/gosec",
    "output",
    "rules",
  ]
  pruneopts = ""
  revision = "2cc6838ca3c1e79cf82074ecc6c572a649ee2b1b"

[[projects]]
  digest = "1:ae24b6f836e1edfcfe5874e7c5bb50daf125dd334c6c7e174ea5e13906aefb0c"
  name = "github.com/segmentio/chamber"
  packages = [
    ".",
    "cmd",
    "store",
  ]
  pruneopts = ""
  revision = "1ac83b0fc17414d4a574157095c10d13d1e2bd22"
  version = "v2.2.0"

[[projects]]
  branch = "master"
  digest = "1:2cca4fc02c8329dadfc6e831e6feb61845983b434fb3e8a034fe5753295a752d"
  name = "github.com/serenize/snaker"
  packages = ["."]
  pruneopts = ""
  revision = "a683aaf2d516deecd70cad0c72e3ca773ecfcef0"

[[projects]]
  digest = "1:3962f553b77bf6c03fc07cd687a22dd3b00fe11aa14d31194f5505f5bb65cdc8"
  name = "github.com/sergi/go-diff"
  packages = ["diffmatchpatch"]
  pruneopts = ""
  revision = "1744e2970ca51c86172c8190fadad617561ed6e7"
  version = "v1.0.0"

[[projects]]
  branch = "master"
  digest = "1:1d26fc4e0e5580c475c402aa8626c9248d7c48f860c63380283fdca488e9771a"
  name = "github.com/shurcooL/go"
  packages = [
    "parserutil",
    "printerutil",
    "reflectfind",
    "reflectsource",
  ]
  pruneopts = ""
  revision = "9e1955d9fb6e1ee2345ba1f5e71669263e719e27"

[[projects]]
  branch = "master"
  digest = "1:0e98454221e57c75314270bfc426b4f6aa1c6b92e2a9f684f91daada477e80b1"
  name = "github.com/shurcooL/go-goon"
  packages = ["."]
  pruneopts = ""
  revision = "37c2f522c041b74919a9e5e3a6c5c47eb34730a5"

[[projects]]
  branch = "master"
  digest = "1:da4eee0eecb972b9ce170ba71057ce449593c602b8f6af55c477fcb226f94053"
  name = "github.com/shurcooL/graphql"
  packages = ["ident"]
  pruneopts = ""
  revision = "e4a3a37e6d42afa87afee2edeeced52300b63893"

[[projects]]
  branch = "master"
  digest = "1:b92b8ed37f6c24cc2296822fc63f8dccc233134a89f24441f6b237cb8abc85ea"
  name = "github.com/shurcooL/highlight_diff"
  packages = ["."]
  pruneopts = ""
  revision = "09bb4053de1b1d872a9f25dc21378fa71dca4e4e"

[[projects]]
  branch = "master"
  digest = "1:2fd386ebb7d484b22606cce26524fdad87d0ccb7049ef38ad35dfd53a63d2443"
  name = "github.com/shurcooL/highlight_go"
  packages = ["."]
  pruneopts = ""
  revision = "78fb10f4a5f89e812a5e26ab723b954a51226086"

[[projects]]
  branch = "master"
  digest = "1:309dcb293ea366a0ccbcbc1bb92f066244660df3c08267f9feda3ca71c062b7c"
  name = "github.com/shurcooL/octicon"
  packages = ["."]
  pruneopts = ""
  revision = "c42b0e3b24d96976ecac81ef691662777b39ef64"

[[projects]]
  branch = "master"
  digest = "1:606fa779c7a80ab6a9ec5836cd12759f86cd6e1d82d5d60cf7ec5133e78c6cf8"
  name = "github.com/shurcooL/sanitized_anchor_name"
  packages = ["."]
  pruneopts = ""
  revision = "86672fcb3f950f35f2e675df2240550f2a50762f"

[[projects]]
  branch = "master"
  digest = "1:2572a527898d3259bef02863f0c45a8500eed4b263daae03028693e36a66441e"
  name = "github.com/sourcegraph/annotate"
  packages = ["."]
  pruneopts = ""
  revision = "f4cad6c6324d3f584e1743d8b3e0e017a5f3a636"

[[projects]]
  branch = "master"
  digest = "1:b2d735650965b30a58c303473b9ffb68f580674ddb06866848472d547f962b8f"
  name = "github.com/sourcegraph/syntaxhighlight"
  packages = ["."]
  pruneopts = ""
  revision = "bd320f5d308e1a3c4314c678d8227a0d72574ae7"

[[projects]]
  digest = "1:d0431c2fd72e39ee43ea7742322abbc200c3e704c9102c5c3c2e2e667095b0ca"
  name = "github.com/spf13/afero"
  packages = [
    ".",
    "mem",
  ]
  pruneopts = ""
  revision = "d40851caa0d747393da1ffb28f7f9d8b4eeffebd"
  version = "v1.1.2"

[[projects]]
  digest = "1:d0b38ba6da419a6d4380700218eeec8623841d44a856bb57369c172fbf692ab4"
  name = "github.com/spf13/cast"
  packages = ["."]
  pruneopts = ""
  revision = "8965335b8c7107321228e3e3702cab9832751bac"
  version = "v1.2.0"

[[projects]]
  digest = "1:a1403cc8a94b8d7956ee5e9694badef0e7b051af289caad1cf668331e3ffa4f6"
  name = "github.com/spf13/cobra"
  packages = ["."]
  pruneopts = ""
  revision = "ef82de70bb3f60c65fb8eebacbb2d122ef517385"
  version = "v0.0.3"

[[projects]]
  digest = "1:9ceffa4ab5f7195ecf18b3a7fff90c837a9ed5e22e66d18069e4bccfe1f52aa0"
  name = "github.com/spf13/jwalterweatherman"
  packages = ["."]
  pruneopts = ""
  revision = "4a4406e478ca629068e7768fc33f3f044173c0a6"
  version = "v1.0.0"

[[projects]]
  digest = "1:0a52bcb568386d98f4894575d53ce3e456f56471de6897bb8b9de13c33d9340e"
  name = "github.com/spf13/pflag"
  packages = ["."]
  pruneopts = ""
  revision = "9a97c102cda95a86cec2345a6f09f55a939babf5"
  version = "v1.0.2"

[[projects]]
  branch = "master"
  digest = "1:c08585b9af4c0f3c516af8e06254a66b462aee46937d41b7d8434795051e33b6"
  name = "github.com/spf13/viper"
  packages = ["."]
  pruneopts = ""
  revision = "62edee319679b6ceaec16de03b966102d2dea709"

[[projects]]
  digest = "1:c587772fb8ad29ad4db67575dad25ba17a51f072ff18a22b4f0257a4d9c24f75"
  name = "github.com/stretchr/testify"
  packages = [
    "assert",
    "require",
    "suite",
  ]
  pruneopts = ""
  revision = "f35b8ab0b5a2cef36673838d662e249dd9c94686"
  version = "v1.2.2"

[[projects]]
  digest = "1:41d24b8f6f442ff86b37be473e45b2bfc9a219eee1bdfabf9e680b9dd51b32a3"
  name = "github.com/tealeg/xlsx"
  packages = ["."]
  pruneopts = ""
  revision = "8be35264fa75a1bbe954ce51eba04f273e2c59e5"
  version = "v1.0.3"

[[projects]]
  digest = "1:e1cd343b3883ced86b6873fe4d2f76799259fba3d1656df6ac0a7fa92644c049"
  name = "github.com/toqueteos/webbrowser"
  packages = ["."]
  pruneopts = ""
  revision = "3232c91b8ede8ca86e8962981d881af78875542f"
  version = "v1.1.0"

[[projects]]
  branch = "afero"
  digest = "1:43f6d0202ff0d872db3b8091c060d1ae7f9e9de5083d5aec8148acde04a9a582"
  name = "github.com/trussworks/pdfcpu"
  packages = [
    "pkg/api",
    "pkg/compress/lzw",
    "pkg/filter",
    "pkg/log",
    "pkg/pdfcpu",
  ]
  pruneopts = ""
  revision = "a53781a43f9d90ab7f5e0bc28f1b178db2ec6b5f"

[[projects]]
  digest = "1:74f86c458e82e1c4efbab95233e0cf51b7cc02dc03193be9f62cd81224e10401"
  name = "go.uber.org/atomic"
  packages = ["."]
  pruneopts = ""
  revision = "1ea20fb1cbb1cc08cbd0d913a96dead89aa18289"
  version = "v1.3.2"

[[projects]]
  digest = "1:22c7effcb4da0eacb2bb1940ee173fac010e9ef3c691f5de4b524d538bd980f5"
  name = "go.uber.org/multierr"
  packages = ["."]
  pruneopts = ""
  revision = "3c4937480c32f4c13a875a1829af76c98ca3d40a"
  version = "v1.1.0"

[[projects]]
  digest = "1:246f378f80fba6fcf0f191c486b6613265abd2bc0f2fa55a36b928c67352021e"
  name = "go.uber.org/zap"
  packages = [
    ".",
    "buffer",
    "internal/bufferpool",
    "internal/color",
    "internal/exit",
    "zapcore",
  ]
  pruneopts = ""
  revision = "ff33455a0e382e8a81d14dd7c922020b6b5e7982"
  version = "v1.9.1"

[[projects]]
  digest = "1:bd4704626047609132bb7c8110d93e843832da1f7e3cfa6166bb3a9cbe06aa17"
  name = "goji.io"
  packages = [
    ".",
    "internal",
    "pat",
    "pattern",
  ]
  pruneopts = ""
  revision = "0d89ff54b2c18c9c4ba530e32496aef902d3c6cd"
  version = "v2.0"

[[projects]]
  branch = "master"
  digest = "1:d10ba2393047dc9ba61df4d36c849a03017175edfa3ee4da23c3a12e10326443"
  name = "golang.org/x/crypto"
  packages = [
    "bcrypt",
    "blowfish",
  ]
  pruneopts = ""
  revision = "5295e8364332db77d75fce11f1d19c053919a9c9"

[[projects]]
  branch = "master"
  digest = "1:923a8d648a9b95dcfe444204d4f2b2df2ec7f2fa48fb4a705ffef7c5d3541211"
  name = "golang.org/x/lint"
  packages = ["."]
  pruneopts = ""
  revision = "06c8688daad7faa9da5a0c2f163a3d14aac986ca"

[[projects]]
  branch = "master"
  digest = "1:08e41d63f8dac84d83797368b56cf0b339e42d0224e5e56668963c28aec95685"
  name = "golang.org/x/net"
  packages = [
    "context",
    "context/ctxhttp",
    "html",
    "html/atom",
    "idna",
    "netutil",
  ]
  pruneopts = ""
  revision = "4dfa2610cdf3b287375bbba5b8f2a14d3b01d8de"

[[projects]]
  branch = "master"
  digest = "1:b697592485cb412be4188c08ca0beed9aab87f36b86418e21acc4a3998f63734"
  name = "golang.org/x/oauth2"
  packages = [
    ".",
    "internal",
  ]
  pruneopts = ""
  revision = "d2e6202438beef2727060aa7cabdd924d92ebfd9"

[[projects]]
  branch = "master"
  digest = "1:b2ea75de0ccb2db2ac79356407f8a4cd8f798fe15d41b381c00abf3ae8e55ed1"
  name = "golang.org/x/sync"
  packages = ["errgroup"]
  pruneopts = ""
  revision = "1d60e4601c6fd243af51cc01ddf169918a5407ca"

[[projects]]
  branch = "master"
  digest = "1:149a432fabebb8221a80f77731b1cd63597197ded4f14af606ebe3a0959004ec"
  name = "golang.org/x/sys"
  packages = ["unix"]
  pruneopts = ""
  revision = "e4b3c5e9061176387e7cea65e4dc5853801f3fb7"

[[projects]]
  digest = "1:5acd3512b047305d49e8763eef7ba423901e85d5dd2fd1e71778a0ea8de10bd4"
  name = "golang.org/x/text"
  packages = [
    "collate",
    "collate/build",
    "internal/colltab",
    "internal/gen",
    "internal/tag",
    "internal/triegen",
    "internal/ucd",
    "language",
    "secure/bidirule",
    "transform",
    "unicode/bidi",
    "unicode/cldr",
    "unicode/norm",
    "unicode/rangetable",
    "width",
  ]
  pruneopts = ""
  revision = "f21a4dfb5e38f5895301dc265a8def02365cc3d0"
  version = "v0.3.0"

[[projects]]
  branch = "master"
  digest = "1:0c5234f48f8faf3a4d39c70851c6d8e49af5264ae133586b4281c5832d782deb"
  name = "golang.org/x/tools"
  packages = [
    "go/ast/astutil",
    "go/buildutil",
    "go/gcexportdata",
    "go/internal/cgo",
    "go/internal/gcimporter",
    "go/loader",
    "go/types/typeutil",
    "imports",
    "internal/fastwalk",
  ]
  pruneopts = ""
  revision = "b3c0be4c978b9aca5acfec41ac043ed3914154a7"

[[projects]]
  digest = "1:8c432632a230496c35a15cfdf441436f04c90e724ad99c8463ef0c82bbe93edb"
  name = "google.golang.org/appengine"
  packages = [
    "cloudsql",
    "internal",
    "internal/base",
    "internal/datastore",
    "internal/log",
    "internal/remote_api",
    "internal/urlfetch",
    "urlfetch",
  ]
  pruneopts = ""
  revision = "ae0ab99deb4dc413a2b4bd6c8bdd0eb67f1e4d06"
  version = "v1.2.0"

[[projects]]
  branch = "v3"
  digest = "1:fa33d1dde8ce5b0b37c38c767c250a7684ecd385f9dbabe594ea8543e4d55807"
  name = "gopkg.in/alexcesaro/quotedprintable.v3"
  packages = ["."]
  pruneopts = ""
  revision = "2caba252f4dc53eaf6b553000885530023f54623"

[[projects]]
  digest = "1:73ebcbf8b130be886f04e5b928308604a36620e53343b833926a3aa4f2582abd"
  name = "gopkg.in/alexcesaro/statsd.v2"
  packages = ["."]
  pruneopts = ""
  revision = "7fea3f0d2fab1ad973e641e51dba45443a311a90"
  version = "v2.0.0"

[[projects]]
  digest = "1:e85837cb04b78f61688c6eba93ea9d14f60d611e2aaf8319999b1a60d2dafbfa"
  name = "gopkg.in/urfave/cli.v1"
  packages = ["."]
  pruneopts = ""
  revision = "cfb38830724cc34fedffe9a2a29fb54fa9169cd1"
  version = "v1.20.0"

[[projects]]
  branch = "v2"
  digest = "1:f0620375dd1f6251d9973b5f2596228cc8042e887cd7f827e4220bc1ce8c30e2"
  name = "gopkg.in/yaml.v2"
  packages = ["."]
  pruneopts = ""
  revision = "5420a8b6744d3b0345ab293f6fcba19c978f1183"

[solve-meta]
  analyzer-name = "dep"
  analyzer-version = 1
  input-imports = [
    "github.com/aws/aws-sdk-go/aws",
    "github.com/aws/aws-sdk-go/aws/session",
    "github.com/aws/aws-sdk-go/service/s3",
    "github.com/aws/aws-sdk-go/service/ses",
    "github.com/aws/aws-sdk-go/service/ses/sesiface",
    "github.com/codegangsta/gin",
    "github.com/dgrijalva/jwt-go",
    "github.com/docker/go-units",
    "github.com/dustin/go-humanize",
    "github.com/felixge/httpsnoop",
    "github.com/go-gomail/gomail",
    "github.com/go-openapi/errors",
    "github.com/go-openapi/loads",
    "github.com/go-openapi/runtime",
    "github.com/go-openapi/runtime/flagext",
    "github.com/go-openapi/runtime/middleware",
    "github.com/go-openapi/runtime/security",
    "github.com/go-openapi/spec",
    "github.com/go-openapi/strfmt",
    "github.com/go-openapi/swag",
    "github.com/go-openapi/validate",
    "github.com/go-swagger/go-swagger/cmd/swagger",
    "github.com/gobuffalo/pop",
    "github.com/gobuffalo/pop/soda",
    "github.com/gobuffalo/uuid",
    "github.com/gobuffalo/validate",
    "github.com/gobuffalo/validate/validators",
    "github.com/golang/lint/golint",
    "github.com/honeycombio/beeline-go",
    "github.com/honeycombio/beeline-go/wrappers/hnynethttp",
    "github.com/imdario/mergo",
    "github.com/jessevdk/go-flags",
    "github.com/jung-kurt/gofpdf",
    "github.com/markbates/goth",
    "github.com/markbates/goth/providers/openidConnect",
    "github.com/namsral/flag",
    "github.com/pkg/errors",
    "github.com/rickar/cal",
    "github.com/securego/gosec/cmd/gosec",
    "github.com/segmentio/chamber",
    "github.com/spf13/afero",
    "github.com/stretchr/testify/suite",
    "github.com/tealeg/xlsx",
    "github.com/trussworks/pdfcpu/pkg/api",
    "github.com/trussworks/pdfcpu/pkg/pdfcpu",
    "go.uber.org/zap",
    "go.uber.org/zap/zapcore",
    "goji.io",
    "goji.io/pat",
    "golang.org/x/crypto/bcrypt",
    "golang.org/x/net/netutil",
  ]
  solver-name = "gps-cdcl"
  solver-version = 1
