hash: eaf403a77a25e99a23409b170831c143b52428225455c42aa887b523321b6ad5
updated: 2018-01-03T16:45:30.642474-05:00
imports:
- name: github.com/markbates/pop
  version: b75753936c38f382be88b1ea4221b771994996c9
  subpackages:
  - '...'
- name: go.uber.org/atomic
  version: 8474b86a5a6f79c443ce4b2992817ff32cf208b8
- name: go.uber.org/zap
  version: fab453050a7a08c35f31fc5fff6f2dbd962285ab
  subpackages:
  - buffer
  - internal/bufferpool
  - internal/color
  - internal/exit
  - internal/multierror
  - zapcore
- name: goji.io
  version: 0d89ff54b2c18c9c4ba530e32496aef902d3c6cd
  subpackages:
  - internal
  - pat
  - pattern
testImports: []
